
Microsoft Visual Studio Solution File, Format Version 12.00
# Visual Studio Version 17
VisualStudioVersion = 17.0.31903.59
MinimumVisualStudioVersion = 10.0.40219.1
Project("{2150E333-8FDC-42A3-9474-1A3956D46DE8}") = "EagleViewEnt.TaxStationPro.App", "EagleViewEnt.TaxStationPro.App", "{58B99BAB-1602-9968-099C-9B3D8A4FEE31}"
EndProject
Project("{FAE04EC0-301F-11D3-BF4B-00C04F79EFBC}") = "EagleViewEnt.TaxStationPro.App", "App\src\EagleViewEnt.TaxStationPro.App\EagleViewEnt.TaxStationPro.App.csproj", "{04299329-232E-474D-9D6E-CFC9D8880775}"
EndProject
Project("{FAE04EC0-301F-11D3-BF4B-00C04F79EFBC}") = "EagleViewEnt.TaxStationPro.App.Abstractions", "App\src\EagleViewEnt.TaxStationPro.App.Abstractions\EagleViewEnt.TaxStationPro.App.Abstractions.csproj", "{CA5A8B80-F8FC-4D51-9D23-FC6D719C6D77}"
EndProject
Project("{2150E333-8FDC-42A3-9474-1A3956D46DE8}") = "EagleViewEnt.TaxStationPro.App.Abstractions", "EagleViewEnt.TaxStationPro.App.Abstractions", "{4429E4A0-1B4A-3161-B875-E187699FDEDE}"
EndProject
Project("{2150E333-8FDC-42A3-9474-1A3956D46DE8}") = "Projects", "Projects", "{17245595-230B-9055-A944-863F0DDDA8E8}"
EndProject
Project("{FAE04EC0-301F-11D3-BF4B-00C04F79EFBC}") = "EagleViewEnt.TaxStationPro.App.Abstractions.Tests", "App\tests\EagleViewEnt.TaxStationPro.App.Abstractions.Tests\EagleViewEnt.TaxStationPro.App.Abstractions.Tests.csproj", "{4ABD659A-C04E-4807-9660-B35A2FE1C45E}"
EndProject
Project("{FAE04EC0-301F-11D3-BF4B-00C04F79EFBC}") = "EagleViewEnt.TaxStationPro.App.Tests", "App\tests\EagleViewEnt.TaxStationPro.App.Tests\EagleViewEnt.TaxStationPro.App.Tests.csproj", "{EE1E3933-7881-4A24-ACA9-8E1FDE055A56}"
EndProject
Project("{2150E333-8FDC-42A3-9474-1A3956D46DE8}") = "EagleViewEnt.TaxStationPro.Customers", "EagleViewEnt.TaxStationPro.Customers", "{BCCD52EE-A32D-FEEE-529C-A7938B31326C}"
EndProject
Project("{FAE04EC0-301F-11D3-BF4B-00C04F79EFBC}") = "EagleViewEnt.TaxStationPro.Customers.Merced.Bootstrap", "Customers\Merced\src\EagleViewEnt.TaxStationPro.Customers\Merced\Bootstrap\EagleViewEnt.TaxStationPro.Customers.Merced.Bootstrap.csproj", "{83EBCB3D-1395-44EC-97F0-6CD02A0D8CB3}"
EndProject
Project("{FAE04EC0-301F-11D3-BF4B-00C04F79EFBC}") = "EagleViewEnt.TaxStationPro.Customers.Merced.Data", "Customers\Merced\src\EagleViewEnt.TaxStationPro.Customers\Merced\Data\EagleViewEnt.TaxStationPro.Customers.Merced.Data.csproj", "{FEE8A904-C9CF-44F1-BDF6-B6C40F986EDC}"
EndProject
Project("{FAE04EC0-301F-11D3-BF4B-00C04F79EFBC}") = "EagleViewEnt.TaxStationPro.Customers.Merced.Resources", "Customers\Merced\src\EagleViewEnt.TaxStationPro.Customers\Merced\Resources\EagleViewEnt.TaxStationPro.Customers.Merced.Resources.csproj", "{224939A2-76CD-4945-8E0E-2CA432C68E9E}"
EndProject
Project("{FAE04EC0-301F-11D3-BF4B-00C04F79EFBC}") = "EagleViewEnt.TaxStationPro.Customers.Merced.Components", "Customers\Merced\src\EagleViewEnt.TaxStationPro.Customers\Merced\Components\EagleViewEnt.TaxStationPro.Customers.Merced.Components.csproj", "{9CB7D6D2-2DBB-4467-87B5-C96BCFFD35AB}"
EndProject
Project("{FAE04EC0-301F-11D3-BF4B-00C04F79EFBC}") = "EagleViewEnt.TaxStationPro.Customers.Merced.Bootstrap.Tests", "Customers\Merced\tests\EagleViewEnt.TaxStationPro.Customers.Merced.Bootstrap.Tests\EagleViewEnt.TaxStationPro.Customers.Merced.Bootstrap.Tests.csproj", "{28B20A39-3B3C-4CF2-A66C-673EF6ACD41D}"
EndProject
Project("{FAE04EC0-301F-11D3-BF4B-00C04F79EFBC}") = "EagleViewEnt.TaxStationPro.Customers.Merced.Components.Tests", "Customers\Merced\tests\EagleViewEnt.TaxStationPro.Customers.Merced.Components.Tests\EagleViewEnt.TaxStationPro.Customers.Merced.Components.Tests.csproj", "{B5C0E67D-3824-45DB-8FA3-5D39F3AF5269}"
EndProject
Project("{FAE04EC0-301F-11D3-BF4B-00C04F79EFBC}") = "EagleViewEnt.TaxStationPro.Customers.Merced.Data.Tests", "Customers\Merced\tests\EagleViewEnt.TaxStationPro.Customers.Merced.Data.Tests\EagleViewEnt.TaxStationPro.Customers.Merced.Data.Tests.csproj", "{813867F8-CD2D-4B69-B761-B1EC586074FB}"
EndProject
Project("{FAE04EC0-301F-11D3-BF4B-00C04F79EFBC}") = "EagleViewEnt.TaxStationPro.Customers.Merced.Resources.Tests", "Customers\Merced\tests\EagleViewEnt.TaxStationPro.Customers.Merced.Resources.Tests\EagleViewEnt.TaxStationPro.Customers.Merced.Resources.Tests.csproj", "{03ADC829-AB3B-4F87-B3E7-9335A9F0E8C1}"
EndProject
Project("{FAE04EC0-301F-11D3-BF4B-00C04F79EFBC}") = "EagleViewEnt.TaxStationPro.Customers.Riverside.Bootstrap", "Customers\Riverside\src\EagleViewEnt.TaxStationPro.Customers\Riverside\Bootstrap\EagleViewEnt.TaxStationPro.Customers.Riverside.Bootstrap.csproj", "{B949535A-8A94-44FB-BEA0-E9DD4A97AF58}"
EndProject
Project("{FAE04EC0-301F-11D3-BF4B-00C04F79EFBC}") = "EagleViewEnt.TaxStationPro.Customers.Riverside.Data", "Customers\Riverside\src\EagleViewEnt.TaxStationPro.Customers\Riverside\Data\EagleViewEnt.TaxStationPro.Customers.Riverside.Data.csproj", "{BC6238ED-03D5-4746-8D60-3A63F0F9056D}"
EndProject
Project("{FAE04EC0-301F-11D3-BF4B-00C04F79EFBC}") = "EagleViewEnt.TaxStationPro.Customers.Riverside.Resources", "Customers\Riverside\src\EagleViewEnt.TaxStationPro.Customers\Riverside\Resources\EagleViewEnt.TaxStationPro.Customers.Riverside.Resources.csproj", "{BD2DCA50-2951-4CF8-B8AB-44F6B90D4603}"
EndProject
Project("{FAE04EC0-301F-11D3-BF4B-00C04F79EFBC}") = "EagleViewEnt.TaxStationPro.Customers.Riverside.Components", "Customers\Riverside\src\EagleViewEnt.TaxStationPro.Customers\Riverside\Components\EagleViewEnt.TaxStationPro.Customers.Riverside.Components.csproj", "{8E9AFD93-AC83-48EE-9E3C-0E84AFEBA148}"
EndProject
Project("{FAE04EC0-301F-11D3-BF4B-00C04F79EFBC}") = "EagleViewEnt.TaxStationPro.Customers.Riverside.Customizations", "Customers\Riverside\src\EagleViewEnt.TaxStationPro.Customers\Riverside\Customizations\EagleViewEnt.TaxStationPro.Customers.Riverside.Customizations.csproj", "{788595CC-B02D-479C-AF41-D1D8753F9206}"
EndProject
Project("{FAE04EC0-301F-11D3-BF4B-00C04F79EFBC}") = "EagleViewEnt.TaxStationPro.Customers.Riverside.Bootstrap.Tests", "Customers\Riverside\tests\EagleViewEnt.TaxStationPro.Customers.Riverside.Bootstrap.Tests\EagleViewEnt.TaxStationPro.Customers.Riverside.Bootstrap.Tests.csproj", "{13A78DD5-0C34-4135-B3D7-E14400A2743C}"
EndProject
Project("{FAE04EC0-301F-11D3-BF4B-00C04F79EFBC}") = "EagleViewEnt.TaxStationPro.Customers.Riverside.Components.Tests", "Customers\Riverside\tests\EagleViewEnt.TaxStationPro.Customers.Riverside.Components.Tests\EagleViewEnt.TaxStationPro.Customers.Riverside.Components.Tests.csproj", "{32B30A3E-9A35-4BF6-993F-CBD90D97E9B7}"
EndProject
Project("{FAE04EC0-301F-11D3-BF4B-00C04F79EFBC}") = "EagleViewEnt.TaxStationPro.Customers.Riverside.Customizations.Tests", "Customers\Riverside\tests\EagleViewEnt.TaxStationPro.Customers.Riverside.Customizations.Tests\EagleViewEnt.TaxStationPro.Customers.Riverside.Customizations.Tests.csproj", "{1DE0516A-8B0B-4EB0-A1CD-DE40E8E77BF7}"
EndProject
Project("{FAE04EC0-301F-11D3-BF4B-00C04F79EFBC}") = "EagleViewEnt.TaxStationPro.Customers.Riverside.Data.Tests", "Customers\Riverside\tests\EagleViewEnt.TaxStationPro.Customers.Riverside.Data.Tests\EagleViewEnt.TaxStationPro.Customers.Riverside.Data.Tests.csproj", "{7022F802-B56E-44D0-93C9-CA27E68A1A7A}"
EndProject
Project("{FAE04EC0-301F-11D3-BF4B-00C04F79EFBC}") = "EagleViewEnt.TaxStationPro.Customers.Riverside.Resources.Tests", "Customers\Riverside\tests\EagleViewEnt.TaxStationPro.Customers.Riverside.Resources.Tests\EagleViewEnt.TaxStationPro.Customers.Riverside.Resources.Tests.csproj", "{A085DE39-95DF-4A56-A318-F6804D001EAB}"
EndProject
Project("{2150E333-8FDC-42A3-9474-1A3956D46DE8}") = "EagleViewEnt.TaxStationPro.Profiles", "EagleViewEnt.TaxStationPro.Profiles", "{B63B895B-1B16-28BD-1240-34AAAA58AEF0}"
EndProject
Project("{FAE04EC0-301F-11D3-BF4B-00C04F79EFBC}") = "EagleViewEnt.TaxStationPro.Profiles.Merced", "Profiles\src\EagleViewEnt.TaxStationPro.Profiles\Merced\EagleViewEnt.TaxStationPro.Profiles.Merced.csproj", "{6195D1C1-D9E3-4173-9A71-2BA7ADFAD370}"
EndProject
Project("{FAE04EC0-301F-11D3-BF4B-00C04F79EFBC}") = "EagleViewEnt.TaxStationPro.Profiles.Riverside", "Profiles\src\EagleViewEnt.TaxStationPro.Profiles\Riverside\EagleViewEnt.TaxStationPro.Profiles.Riverside.csproj", "{5F65CECC-022E-4A54-A661-96A934D6B26C}"
EndProject
Project("{FAE04EC0-301F-11D3-BF4B-00C04F79EFBC}") = "EagleViewEnt.TaxStationPro.Profiles.Merced.Tests", "Profiles\tests\EagleViewEnt.TaxStationPro.Profiles.Merced.Tests\EagleViewEnt.TaxStationPro.Profiles.Merced.Tests.csproj", "{1EFE3851-7974-4488-82C4-A9AAF6A21A2F}"
EndProject
Project("{FAE04EC0-301F-11D3-BF4B-00C04F79EFBC}") = "EagleViewEnt.TaxStationPro.Profiles.Riverside.Tests", "Profiles\tests\EagleViewEnt.TaxStationPro.Profiles.Riverside.Tests\EagleViewEnt.TaxStationPro.Profiles.Riverside.Tests.csproj", "{96928F7A-F262-4E2E-AEE8-1225C8D0D306}"
EndProject
Project("{2150E333-8FDC-42A3-9474-1A3956D46DE8}") = "EagleViewEnt.TaxStationPro.Vendors", "EagleViewEnt.TaxStationPro.Vendors", "{1004DC83-88A7-80AF-4941-032B4D0568AB}"
EndProject
Project("{FAE04EC0-301F-11D3-BF4B-00C04F79EFBC}") = "EagleViewEnt.TaxStationPro.Vendors.Kiosk.Abstractions", "Vendors\Kiosk\src\EagleViewEnt.TaxStationPro.Vendors\Kiosk\Abstractions\EagleViewEnt.TaxStationPro.Vendors.Kiosk.Abstractions.csproj", "{09DDD286-D9E5-48D2-8EDD-CC7BDED92429}"
EndProject
Project("{FAE04EC0-301F-11D3-BF4B-00C04F79EFBC}") = "EagleViewEnt.TaxStationPro.Vendors.Kiosk.Cash", "Vendors\Kiosk\src\EagleViewEnt.TaxStationPro.Vendors\Kiosk\Cash\EagleViewEnt.TaxStationPro.Vendors.Kiosk.Cash.csproj", "{396C8AB4-BBDB-4371-B2B4-F8DA37CAFA6B}"
EndProject
Project("{FAE04EC0-301F-11D3-BF4B-00C04F79EFBC}") = "EagleViewEnt.TaxStationPro.Vendors.Kiosk.Core", "Vendors\Kiosk\src\EagleViewEnt.TaxStationPro.Vendors\Kiosk\Core\EagleViewEnt.TaxStationPro.Vendors.Kiosk.Core.csproj", "{E2527E43-78F3-4E72-A6EB-523090A83FB1}"
EndProject
Project("{FAE04EC0-301F-11D3-BF4B-00C04F79EFBC}") = "EagleViewEnt.TaxStationPro.Vendors.Kiosk.DocScan", "Vendors\Kiosk\src\EagleViewEnt.TaxStationPro.Vendors\Kiosk\DocScan\EagleViewEnt.TaxStationPro.Vendors.Kiosk.DocScan.csproj", "{D322C5F5-8F3F-47D1-8B83-B2B86E33C1E2}"
EndProject
Project("{FAE04EC0-301F-11D3-BF4B-00C04F79EFBC}") = "EagleViewEnt.TaxStationPro.Vendors.Kiosk.Imaging", "Vendors\Kiosk\src\EagleViewEnt.TaxStationPro.Vendors\Kiosk\Imaging\EagleViewEnt.TaxStationPro.Vendors.Kiosk.Imaging.csproj", "{F68A7752-BBEA-4662-89BD-681E56C2D3E5}"
EndProject
Project("{FAE04EC0-301F-11D3-BF4B-00C04F79EFBC}") = "EagleViewEnt.TaxStationPro.Vendors.Kiosk.Abstractions.Tests", "Vendors\Kiosk\tests\EagleViewEnt.TaxStationPro.Vendors.Kiosk.Abstractions.Tests\EagleViewEnt.TaxStationPro.Vendors.Kiosk.Abstractions.Tests.csproj", "{2036ADC7-152C-4C75-9C48-F2E90BA0EA3F}"
EndProject
Project("{FAE04EC0-301F-11D3-BF4B-00C04F79EFBC}") = "EagleViewEnt.TaxStationPro.Vendors.Kiosk.Cash.Tests", "Vendors\Kiosk\tests\EagleViewEnt.TaxStationPro.Vendors.Kiosk.Cash.Tests\EagleViewEnt.TaxStationPro.Vendors.Kiosk.Cash.Tests.csproj", "{79FBE38D-DE18-45DA-9D44-A67AD1AF2090}"
EndProject
Project("{FAE04EC0-301F-11D3-BF4B-00C04F79EFBC}") = "EagleViewEnt.TaxStationPro.Vendors.Kiosk.Core.Tests", "Vendors\Kiosk\tests\EagleViewEnt.TaxStationPro.Vendors.Kiosk.Core.Tests\EagleViewEnt.TaxStationPro.Vendors.Kiosk.Core.Tests.csproj", "{AD2ADDD3-22D5-4810-896A-5D18C034AECB}"
EndProject
Project("{FAE04EC0-301F-11D3-BF4B-00C04F79EFBC}") = "EagleViewEnt.TaxStationPro.Vendors.Kiosk.DocScan.Tests", "Vendors\Kiosk\tests\EagleViewEnt.TaxStationPro.Vendors.Kiosk.DocScan.Tests\EagleViewEnt.TaxStationPro.Vendors.Kiosk.DocScan.Tests.csproj", "{B86F12E5-A9D4-49A0-B8A5-FB124B4DB2DC}"
EndProject
Project("{FAE04EC0-301F-11D3-BF4B-00C04F79EFBC}") = "EagleViewEnt.TaxStationPro.Vendors.Kiosk.Imaging.Tests", "Vendors\Kiosk\tests\EagleViewEnt.TaxStationPro.Vendors.Kiosk.Imaging.Tests\EagleViewEnt.TaxStationPro.Vendors.Kiosk.Imaging.Tests.csproj", "{9A0852D9-9B36-4A99-8E19-A5729F0B263E}"
EndProject
Project("{FAE04EC0-301F-11D3-BF4B-00C04F79EFBC}") = "EagleViewEnt.TaxStationPro.Vendors.PointAndPay.Abstractions", "Vendors\PointAndPay\src\EagleViewEnt.TaxStationPro.Vendors\PointAndPay\Abstractions\EagleViewEnt.TaxStationPro.Vendors.PointAndPay.Abstractions.csproj", "{D4ECB841-43AF-4EDF-B071-F107106CF5B4}"
EndProject
Project("{FAE04EC0-301F-11D3-BF4B-00C04F79EFBC}") = "EagleViewEnt.TaxStationPro.Vendors.PointAndPay.Ach", "Vendors\PointAndPay\src\EagleViewEnt.TaxStationPro.Vendors\PointAndPay\Ach\EagleViewEnt.TaxStationPro.Vendors.PointAndPay.Ach.csproj", "{F12541B7-2FB6-4684-9DA5-3A9065DC9ECC}"
EndProject
Project("{FAE04EC0-301F-11D3-BF4B-00C04F79EFBC}") = "EagleViewEnt.TaxStationPro.Vendors.PointAndPay.Card", "Vendors\PointAndPay\src\EagleViewEnt.TaxStationPro.Vendors\PointAndPay\Card\EagleViewEnt.TaxStationPro.Vendors.PointAndPay.Card.csproj", "{350F0D4B-7EF5-44D6-B73F-1857320C9686}"
EndProject
Project("{FAE04EC0-301F-11D3-BF4B-00C04F79EFBC}") = "EagleViewEnt.TaxStationPro.Vendors.PointAndPay.Core", "Vendors\PointAndPay\src\EagleViewEnt.TaxStationPro.Vendors\PointAndPay\Core\EagleViewEnt.TaxStationPro.Vendors.PointAndPay.Core.csproj", "{E74E341D-0E1B-48C3-88F7-4752D42C0F4E}"
EndProject
Project("{FAE04EC0-301F-11D3-BF4B-00C04F79EFBC}") = "EagleViewEnt.TaxStationPro.Vendors.PointAndPay.Abstractions.Tests", "Vendors\PointAndPay\tests\EagleViewEnt.TaxStationPro.Vendors.PointAndPay.Abstractions.Tests\EagleViewEnt.TaxStationPro.Vendors.PointAndPay.Abstractions.Tests.csproj", "{16B03C75-B3E4-40A0-81B7-693F777AE0F5}"
EndProject
Project("{FAE04EC0-301F-11D3-BF4B-00C04F79EFBC}") = "EagleViewEnt.TaxStationPro.Vendors.PointAndPay.Ach.Tests", "Vendors\PointAndPay\tests\EagleViewEnt.TaxStationPro.Vendors.PointAndPay.Ach.Tests\EagleViewEnt.TaxStationPro.Vendors.PointAndPay.Ach.Tests.csproj", "{6A0FE453-2740-4716-87DE-1D045F6B321A}"
EndProject
Project("{FAE04EC0-301F-11D3-BF4B-00C04F79EFBC}") = "EagleViewEnt.TaxStationPro.Vendors.PointAndPay.Card.Tests", "Vendors\PointAndPay\tests\EagleViewEnt.TaxStationPro.Vendors.PointAndPay.Card.Tests\EagleViewEnt.TaxStationPro.Vendors.PointAndPay.Card.Tests.csproj", "{B73ED249-C6C6-4B09-A929-CCDF7BF4F1AF}"
EndProject
Project("{FAE04EC0-301F-11D3-BF4B-00C04F79EFBC}") = "EagleViewEnt.TaxStationPro.Vendors.PointAndPay.Core.Tests", "Vendors\PointAndPay\tests\EagleViewEnt.TaxStationPro.Vendors.PointAndPay.Core.Tests\EagleViewEnt.TaxStationPro.Vendors.PointAndPay.Core.Tests.csproj", "{A99C9440-5F84-48C6-A3A0-3FA017A447F7}"
EndProject
Global
	GlobalSection(SolutionConfigurationPlatforms) = preSolution
		Debug|Any CPU = Debug|Any CPU
		Debug|x64 = Debug|x64
		Debug|x86 = Debug|x86
		Release|Any CPU = Release|Any CPU
		Release|x64 = Release|x64
		Release|x86 = Release|x86
	EndGlobalSection
	GlobalSection(ProjectConfigurationPlatforms) = postSolution
		{04299329-232E-474D-9D6E-CFC9D8880775}.Debug|Any CPU.ActiveCfg = Debug|Any CPU
		{04299329-232E-474D-9D6E-CFC9D8880775}.Debug|Any CPU.Build.0 = Debug|Any CPU
		{04299329-232E-474D-9D6E-CFC9D8880775}.Debug|x64.ActiveCfg = Debug|x64
		{04299329-232E-474D-9D6E-CFC9D8880775}.Debug|x64.Build.0 = Debug|x64
		{04299329-232E-474D-9D6E-CFC9D8880775}.Debug|x86.ActiveCfg = Debug|Any CPU
		{04299329-232E-474D-9D6E-CFC9D8880775}.Debug|x86.Build.0 = Debug|Any CPU
		{04299329-232E-474D-9D6E-CFC9D8880775}.Release|Any CPU.ActiveCfg = Release|Any CPU
		{04299329-232E-474D-9D6E-CFC9D8880775}.Release|Any CPU.Build.0 = Release|Any CPU
		{04299329-232E-474D-9D6E-CFC9D8880775}.Release|x64.ActiveCfg = Release|x64
		{04299329-232E-474D-9D6E-CFC9D8880775}.Release|x64.Build.0 = Release|x64
		{04299329-232E-474D-9D6E-CFC9D8880775}.Release|x86.ActiveCfg = Release|Any CPU
		{04299329-232E-474D-9D6E-CFC9D8880775}.Release|x86.Build.0 = Release|Any CPU
		{CA5A8B80-F8FC-4D51-9D23-FC6D719C6D77}.Debug|Any CPU.ActiveCfg = Debug|Any CPU
		{CA5A8B80-F8FC-4D51-9D23-FC6D719C6D77}.Debug|Any CPU.Build.0 = Debug|Any CPU
		{CA5A8B80-F8FC-4D51-9D23-FC6D719C6D77}.Debug|x64.ActiveCfg = Debug|x64
		{CA5A8B80-F8FC-4D51-9D23-FC6D719C6D77}.Debug|x64.Build.0 = Debug|x64
		{CA5A8B80-F8FC-4D51-9D23-FC6D719C6D77}.Debug|x86.ActiveCfg = Debug|Any CPU
		{CA5A8B80-F8FC-4D51-9D23-FC6D719C6D77}.Debug|x86.Build.0 = Debug|Any CPU
		{CA5A8B80-F8FC-4D51-9D23-FC6D719C6D77}.Release|Any CPU.ActiveCfg = Release|Any CPU
		{CA5A8B80-F8FC-4D51-9D23-FC6D719C6D77}.Release|Any CPU.Build.0 = Release|Any CPU
		{CA5A8B80-F8FC-4D51-9D23-FC6D719C6D77}.Release|x64.ActiveCfg = Release|x64
		{CA5A8B80-F8FC-4D51-9D23-FC6D719C6D77}.Release|x64.Build.0 = Release|x64
		{CA5A8B80-F8FC-4D51-9D23-FC6D719C6D77}.Release|x86.ActiveCfg = Release|Any CPU
		{CA5A8B80-F8FC-4D51-9D23-FC6D719C6D77}.Release|x86.Build.0 = Release|Any CPU
		{4ABD659A-C04E-4807-9660-B35A2FE1C45E}.Debug|Any CPU.ActiveCfg = Debug|Any CPU
		{4ABD659A-C04E-4807-9660-B35A2FE1C45E}.Debug|Any CPU.Build.0 = Debug|Any CPU
		{4ABD659A-C04E-4807-9660-B35A2FE1C45E}.Debug|x64.ActiveCfg = Debug|x64
		{4ABD659A-C04E-4807-9660-B35A2FE1C45E}.Debug|x64.Build.0 = Debug|x64
		{4ABD659A-C04E-4807-9660-B35A2FE1C45E}.Debug|x86.ActiveCfg = Debug|Any CPU
		{4ABD659A-C04E-4807-9660-B35A2FE1C45E}.Debug|x86.Build.0 = Debug|Any CPU
		{4ABD659A-C04E-4807-9660-B35A2FE1C45E}.Release|Any CPU.ActiveCfg = Release|Any CPU
		{4ABD659A-C04E-4807-9660-B35A2FE1C45E}.Release|Any CPU.Build.0 = Release|Any CPU
		{4ABD659A-C04E-4807-9660-B35A2FE1C45E}.Release|x64.ActiveCfg = Release|x64
		{4ABD659A-C04E-4807-9660-B35A2FE1C45E}.Release|x64.Build.0 = Release|x64
		{4ABD659A-C04E-4807-9660-B35A2FE1C45E}.Release|x86.ActiveCfg = Release|Any CPU
		{4ABD659A-C04E-4807-9660-B35A2FE1C45E}.Release|x86.Build.0 = Release|Any CPU
		{EE1E3933-7881-4A24-ACA9-8E1FDE055A56}.Debug|Any CPU.ActiveCfg = Debug|Any CPU
		{EE1E3933-7881-4A24-ACA9-8E1FDE055A56}.Debug|Any CPU.Build.0 = Debug|Any CPU
		{EE1E3933-7881-4A24-ACA9-8E1FDE055A56}.Debug|x64.ActiveCfg = Debug|x64
		{EE1E3933-7881-4A24-ACA9-8E1FDE055A56}.Debug|x64.Build.0 = Debug|x64
		{EE1E3933-7881-4A24-ACA9-8E1FDE055A56}.Debug|x86.ActiveCfg = Debug|Any CPU
		{EE1E3933-7881-4A24-ACA9-8E1FDE055A56}.Debug|x86.Build.0 = Debug|Any CPU
		{EE1E3933-7881-4A24-ACA9-8E1FDE055A56}.Release|Any CPU.ActiveCfg = Release|Any CPU
		{EE1E3933-7881-4A24-ACA9-8E1FDE055A56}.Release|Any CPU.Build.0 = Release|Any CPU
		{EE1E3933-7881-4A24-ACA9-8E1FDE055A56}.Release|x64.ActiveCfg = Release|x64
		{EE1E3933-7881-4A24-ACA9-8E1FDE055A56}.Release|x64.Build.0 = Release|x64
		{EE1E3933-7881-4A24-ACA9-8E1FDE055A56}.Release|x86.ActiveCfg = Release|Any CPU
		{EE1E3933-7881-4A24-ACA9-8E1FDE055A56}.Release|x86.Build.0 = Release|Any CPU
		{83EBCB3D-1395-44EC-97F0-6CD02A0D8CB3}.Debug|Any CPU.ActiveCfg = Debug|Any CPU
		{83EBCB3D-1395-44EC-97F0-6CD02A0D8CB3}.Debug|Any CPU.Build.0 = Debug|Any CPU
		{83EBCB3D-1395-44EC-97F0-6CD02A0D8CB3}.Debug|x64.ActiveCfg = Debug|x64
		{83EBCB3D-1395-44EC-97F0-6CD02A0D8CB3}.Debug|x64.Build.0 = Debug|x64
		{83EBCB3D-1395-44EC-97F0-6CD02A0D8CB3}.Debug|x86.ActiveCfg = Debug|Any CPU
		{83EBCB3D-1395-44EC-97F0-6CD02A0D8CB3}.Debug|x86.Build.0 = Debug|Any CPU
		{83EBCB3D-1395-44EC-97F0-6CD02A0D8CB3}.Release|Any CPU.ActiveCfg = Release|Any CPU
		{83EBCB3D-1395-44EC-97F0-6CD02A0D8CB3}.Release|Any CPU.Build.0 = Release|Any CPU
		{83EBCB3D-1395-44EC-97F0-6CD02A0D8CB3}.Release|x64.ActiveCfg = Release|x64
		{83EBCB3D-1395-44EC-97F0-6CD02A0D8CB3}.Release|x64.Build.0 = Release|x64
		{83EBCB3D-1395-44EC-97F0-6CD02A0D8CB3}.Release|x86.ActiveCfg = Release|Any CPU
		{83EBCB3D-1395-44EC-97F0-6CD02A0D8CB3}.Release|x86.Build.0 = Release|Any CPU
		{FEE8A904-C9CF-44F1-BDF6-B6C40F986EDC}.Debug|Any CPU.ActiveCfg = Debug|Any CPU
		{FEE8A904-C9CF-44F1-BDF6-B6C40F986EDC}.Debug|Any CPU.Build.0 = Debug|Any CPU
		{FEE8A904-C9CF-44F1-BDF6-B6C40F986EDC}.Debug|x64.ActiveCfg = Debug|x64
		{FEE8A904-C9CF-44F1-BDF6-B6C40F986EDC}.Debug|x64.Build.0 = Debug|x64
		{FEE8A904-C9CF-44F1-BDF6-B6C40F986EDC}.Debug|x86.ActiveCfg = Debug|Any CPU
		{FEE8A904-C9CF-44F1-BDF6-B6C40F986EDC}.Debug|x86.Build.0 = Debug|Any CPU
		{FEE8A904-C9CF-44F1-BDF6-B6C40F986EDC}.Release|Any CPU.ActiveCfg = Release|Any CPU
		{FEE8A904-C9CF-44F1-BDF6-B6C40F986EDC}.Release|Any CPU.Build.0 = Release|Any CPU
		{FEE8A904-C9CF-44F1-BDF6-B6C40F986EDC}.Release|x64.ActiveCfg = Release|x64
		{FEE8A904-C9CF-44F1-BDF6-B6C40F986EDC}.Release|x64.Build.0 = Release|x64
		{FEE8A904-C9CF-44F1-BDF6-B6C40F986EDC}.Release|x86.ActiveCfg = Release|Any CPU
		{FEE8A904-C9CF-44F1-BDF6-B6C40F986EDC}.Release|x86.Build.0 = Release|Any CPU
		{224939A2-76CD-4945-8E0E-2CA432C68E9E}.Debug|Any CPU.ActiveCfg = Debug|Any CPU
		{224939A2-76CD-4945-8E0E-2CA432C68E9E}.Debug|Any CPU.Build.0 = Debug|Any CPU
		{224939A2-76CD-4945-8E0E-2CA432C68E9E}.Debug|x64.ActiveCfg = Debug|x64
		{224939A2-76CD-4945-8E0E-2CA432C68E9E}.Debug|x64.Build.0 = Debug|x64
		{224939A2-76CD-4945-8E0E-2CA432C68E9E}.Debug|x86.ActiveCfg = Debug|Any CPU
		{224939A2-76CD-4945-8E0E-2CA432C68E9E}.Debug|x86.Build.0 = Debug|Any CPU
		{224939A2-76CD-4945-8E0E-2CA432C68E9E}.Release|Any CPU.ActiveCfg = Release|Any CPU
		{224939A2-76CD-4945-8E0E-2CA432C68E9E}.Release|Any CPU.Build.0 = Release|Any CPU
		{224939A2-76CD-4945-8E0E-2CA432C68E9E}.Release|x64.ActiveCfg = Release|x64
		{224939A2-76CD-4945-8E0E-2CA432C68E9E}.Release|x64.Build.0 = Release|x64
		{224939A2-76CD-4945-8E0E-2CA432C68E9E}.Release|x86.ActiveCfg = Release|Any CPU
		{224939A2-76CD-4945-8E0E-2CA432C68E9E}.Release|x86.Build.0 = Release|Any CPU
		{9CB7D6D2-2DBB-4467-87B5-C96BCFFD35AB}.Debug|Any CPU.ActiveCfg = Debug|Any CPU
		{9CB7D6D2-2DBB-4467-87B5-C96BCFFD35AB}.Debug|Any CPU.Build.0 = Debug|Any CPU
		{9CB7D6D2-2DBB-4467-87B5-C96BCFFD35AB}.Debug|x64.ActiveCfg = Debug|x64
		{9CB7D6D2-2DBB-4467-87B5-C96BCFFD35AB}.Debug|x64.Build.0 = Debug|x64
		{9CB7D6D2-2DBB-4467-87B5-C96BCFFD35AB}.Debug|x86.ActiveCfg = Debug|Any CPU
		{9CB7D6D2-2DBB-4467-87B5-C96BCFFD35AB}.Debug|x86.Build.0 = Debug|Any CPU
		{9CB7D6D2-2DBB-4467-87B5-C96BCFFD35AB}.Release|Any CPU.ActiveCfg = Release|Any CPU
		{9CB7D6D2-2DBB-4467-87B5-C96BCFFD35AB}.Release|Any CPU.Build.0 = Release|Any CPU
		{9CB7D6D2-2DBB-4467-87B5-C96BCFFD35AB}.Release|x64.ActiveCfg = Release|x64
		{9CB7D6D2-2DBB-4467-87B5-C96BCFFD35AB}.Release|x64.Build.0 = Release|x64
		{9CB7D6D2-2DBB-4467-87B5-C96BCFFD35AB}.Release|x86.ActiveCfg = Release|Any CPU
		{9CB7D6D2-2DBB-4467-87B5-C96BCFFD35AB}.Release|x86.Build.0 = Release|Any CPU
		{28B20A39-3B3C-4CF2-A66C-673EF6ACD41D}.Debug|Any CPU.ActiveCfg = Debug|Any CPU
		{28B20A39-3B3C-4CF2-A66C-673EF6ACD41D}.Debug|Any CPU.Build.0 = Debug|Any CPU
		{28B20A39-3B3C-4CF2-A66C-673EF6ACD41D}.Debug|x64.ActiveCfg = Debug|x64
		{28B20A39-3B3C-4CF2-A66C-673EF6ACD41D}.Debug|x64.Build.0 = Debug|x64
		{28B20A39-3B3C-4CF2-A66C-673EF6ACD41D}.Debug|x86.ActiveCfg = Debug|Any CPU
		{28B20A39-3B3C-4CF2-A66C-673EF6ACD41D}.Debug|x86.Build.0 = Debug|Any CPU
		{28B20A39-3B3C-4CF2-A66C-673EF6ACD41D}.Release|Any CPU.ActiveCfg = Release|Any CPU
		{28B20A39-3B3C-4CF2-A66C-673EF6ACD41D}.Release|Any CPU.Build.0 = Release|Any CPU
		{28B20A39-3B3C-4CF2-A66C-673EF6ACD41D}.Release|x64.ActiveCfg = Release|x64
		{28B20A39-3B3C-4CF2-A66C-673EF6ACD41D}.Release|x64.Build.0 = Release|x64
		{28B20A39-3B3C-4CF2-A66C-673EF6ACD41D}.Release|x86.ActiveCfg = Release|Any CPU
		{28B20A39-3B3C-4CF2-A66C-673EF6ACD41D}.Release|x86.Build.0 = Release|Any CPU
		{B5C0E67D-3824-45DB-8FA3-5D39F3AF5269}.Debug|Any CPU.ActiveCfg = Debug|Any CPU
		{B5C0E67D-3824-45DB-8FA3-5D39F3AF5269}.Debug|Any CPU.Build.0 = Debug|Any CPU
		{B5C0E67D-3824-45DB-8FA3-5D39F3AF5269}.Debug|x64.ActiveCfg = Debug|x64
		{B5C0E67D-3824-45DB-8FA3-5D39F3AF5269}.Debug|x64.Build.0 = Debug|x64
		{B5C0E67D-3824-45DB-8FA3-5D39F3AF5269}.Debug|x86.ActiveCfg = Debug|Any CPU
		{B5C0E67D-3824-45DB-8FA3-5D39F3AF5269}.Debug|x86.Build.0 = Debug|Any CPU
		{B5C0E67D-3824-45DB-8FA3-5D39F3AF5269}.Release|Any CPU.ActiveCfg = Release|Any CPU
		{B5C0E67D-3824-45DB-8FA3-5D39F3AF5269}.Release|Any CPU.Build.0 = Release|Any CPU
		{B5C0E67D-3824-45DB-8FA3-5D39F3AF5269}.Release|x64.ActiveCfg = Release|x64
		{B5C0E67D-3824-45DB-8FA3-5D39F3AF5269}.Release|x64.Build.0 = Release|x64
		{B5C0E67D-3824-45DB-8FA3-5D39F3AF5269}.Release|x86.ActiveCfg = Release|Any CPU
		{B5C0E67D-3824-45DB-8FA3-5D39F3AF5269}.Release|x86.Build.0 = Release|Any CPU
		{813867F8-CD2D-4B69-B761-B1EC586074FB}.Debug|Any CPU.ActiveCfg = Debug|Any CPU
		{813867F8-CD2D-4B69-B761-B1EC586074FB}.Debug|Any CPU.Build.0 = Debug|Any CPU
		{813867F8-CD2D-4B69-B761-B1EC586074FB}.Debug|x64.ActiveCfg = Debug|x64
		{813867F8-CD2D-4B69-B761-B1EC586074FB}.Debug|x64.Build.0 = Debug|x64
		{813867F8-CD2D-4B69-B761-B1EC586074FB}.Debug|x86.ActiveCfg = Debug|Any CPU
		{813867F8-CD2D-4B69-B761-B1EC586074FB}.Debug|x86.Build.0 = Debug|Any CPU
		{813867F8-CD2D-4B69-B761-B1EC586074FB}.Release|Any CPU.ActiveCfg = Release|Any CPU
		{813867F8-CD2D-4B69-B761-B1EC586074FB}.Release|Any CPU.Build.0 = Release|Any CPU
		{813867F8-CD2D-4B69-B761-B1EC586074FB}.Release|x64.ActiveCfg = Release|x64
		{813867F8-CD2D-4B69-B761-B1EC586074FB}.Release|x64.Build.0 = Release|x64
		{813867F8-CD2D-4B69-B761-B1EC586074FB}.Release|x86.ActiveCfg = Release|Any CPU
		{813867F8-CD2D-4B69-B761-B1EC586074FB}.Release|x86.Build.0 = Release|Any CPU
		{03ADC829-AB3B-4F87-B3E7-9335A9F0E8C1}.Debug|Any CPU.ActiveCfg = Debug|Any CPU
		{03ADC829-AB3B-4F87-B3E7-9335A9F0E8C1}.Debug|Any CPU.Build.0 = Debug|Any CPU
		{03ADC829-AB3B-4F87-B3E7-9335A9F0E8C1}.Debug|x64.ActiveCfg = Debug|x64
		{03ADC829-AB3B-4F87-B3E7-9335A9F0E8C1}.Debug|x64.Build.0 = Debug|x64
		{03ADC829-AB3B-4F87-B3E7-9335A9F0E8C1}.Debug|x86.ActiveCfg = Debug|Any CPU
		{03ADC829-AB3B-4F87-B3E7-9335A9F0E8C1}.Debug|x86.Build.0 = Debug|Any CPU
		{03ADC829-AB3B-4F87-B3E7-9335A9F0E8C1}.Release|Any CPU.ActiveCfg = Release|Any CPU
		{03ADC829-AB3B-4F87-B3E7-9335A9F0E8C1}.Release|Any CPU.Build.0 = Release|Any CPU
		{03ADC829-AB3B-4F87-B3E7-9335A9F0E8C1}.Release|x64.ActiveCfg = Release|x64
		{03ADC829-AB3B-4F87-B3E7-9335A9F0E8C1}.Release|x64.Build.0 = Release|x64
		{03ADC829-AB3B-4F87-B3E7-9335A9F0E8C1}.Release|x86.ActiveCfg = Release|Any CPU
		{03ADC829-AB3B-4F87-B3E7-9335A9F0E8C1}.Release|x86.Build.0 = Release|Any CPU
		{B949535A-8A94-44FB-BEA0-E9DD4A97AF58}.Debug|Any CPU.ActiveCfg = Debug|Any CPU
		{B949535A-8A94-44FB-BEA0-E9DD4A97AF58}.Debug|Any CPU.Build.0 = Debug|Any CPU
		{B949535A-8A94-44FB-BEA0-E9DD4A97AF58}.Debug|x64.ActiveCfg = Debug|x64
		{B949535A-8A94-44FB-BEA0-E9DD4A97AF58}.Debug|x64.Build.0 = Debug|x64
		{B949535A-8A94-44FB-BEA0-E9DD4A97AF58}.Debug|x86.ActiveCfg = Debug|Any CPU
		{B949535A-8A94-44FB-BEA0-E9DD4A97AF58}.Debug|x86.Build.0 = Debug|Any CPU
		{B949535A-8A94-44FB-BEA0-E9DD4A97AF58}.Release|Any CPU.ActiveCfg = Release|Any CPU
		{B949535A-8A94-44FB-BEA0-E9DD4A97AF58}.Release|Any CPU.Build.0 = Release|Any CPU
		{B949535A-8A94-44FB-BEA0-E9DD4A97AF58}.Release|x64.ActiveCfg = Release|x64
		{B949535A-8A94-44FB-BEA0-E9DD4A97AF58}.Release|x64.Build.0 = Release|x64
		{B949535A-8A94-44FB-BEA0-E9DD4A97AF58}.Release|x86.ActiveCfg = Release|Any CPU
		{B949535A-8A94-44FB-BEA0-E9DD4A97AF58}.Release|x86.Build.0 = Release|Any CPU
		{BC6238ED-03D5-4746-8D60-3A63F0F9056D}.Debug|Any CPU.ActiveCfg = Debug|Any CPU
		{BC6238ED-03D5-4746-8D60-3A63F0F9056D}.Debug|Any CPU.Build.0 = Debug|Any CPU
		{BC6238ED-03D5-4746-8D60-3A63F0F9056D}.Debug|x64.ActiveCfg = Debug|x64
		{BC6238ED-03D5-4746-8D60-3A63F0F9056D}.Debug|x64.Build.0 = Debug|x64
		{BC6238ED-03D5-4746-8D60-3A63F0F9056D}.Debug|x86.ActiveCfg = Debug|Any CPU
		{BC6238ED-03D5-4746-8D60-3A63F0F9056D}.Debug|x86.Build.0 = Debug|Any CPU
		{BC6238ED-03D5-4746-8D60-3A63F0F9056D}.Release|Any CPU.ActiveCfg = Release|Any CPU
		{BC6238ED-03D5-4746-8D60-3A63F0F9056D}.Release|Any CPU.Build.0 = Release|Any CPU
		{BC6238ED-03D5-4746-8D60-3A63F0F9056D}.Release|x64.ActiveCfg = Release|x64
		{BC6238ED-03D5-4746-8D60-3A63F0F9056D}.Release|x64.Build.0 = Release|x64
		{BC6238ED-03D5-4746-8D60-3A63F0F9056D}.Release|x86.ActiveCfg = Release|Any CPU
		{BC6238ED-03D5-4746-8D60-3A63F0F9056D}.Release|x86.Build.0 = Release|Any CPU
		{BD2DCA50-2951-4CF8-B8AB-44F6B90D4603}.Debug|Any CPU.ActiveCfg = Debug|Any CPU
		{BD2DCA50-2951-4CF8-B8AB-44F6B90D4603}.Debug|Any CPU.Build.0 = Debug|Any CPU
		{BD2DCA50-2951-4CF8-B8AB-44F6B90D4603}.Debug|x64.ActiveCfg = Debug|x64
		{BD2DCA50-2951-4CF8-B8AB-44F6B90D4603}.Debug|x64.Build.0 = Debug|x64
		{BD2DCA50-2951-4CF8-B8AB-44F6B90D4603}.Debug|x86.ActiveCfg = Debug|Any CPU
		{BD2DCA50-2951-4CF8-B8AB-44F6B90D4603}.Debug|x86.Build.0 = Debug|Any CPU
		{BD2DCA50-2951-4CF8-B8AB-44F6B90D4603}.Release|Any CPU.ActiveCfg = Release|Any CPU
		{BD2DCA50-2951-4CF8-B8AB-44F6B90D4603}.Release|Any CPU.Build.0 = Release|Any CPU
		{BD2DCA50-2951-4CF8-B8AB-44F6B90D4603}.Release|x64.ActiveCfg = Release|x64
		{BD2DCA50-2951-4CF8-B8AB-44F6B90D4603}.Release|x64.Build.0 = Release|x64
		{BD2DCA50-2951-4CF8-B8AB-44F6B90D4603}.Release|x86.ActiveCfg = Release|Any CPU
		{BD2DCA50-2951-4CF8-B8AB-44F6B90D4603}.Release|x86.Build.0 = Release|Any CPU
		{8E9AFD93-AC83-48EE-9E3C-0E84AFEBA148}.Debug|Any CPU.ActiveCfg = Debug|Any CPU
		{8E9AFD93-AC83-48EE-9E3C-0E84AFEBA148}.Debug|Any CPU.Build.0 = Debug|Any CPU
		{8E9AFD93-AC83-48EE-9E3C-0E84AFEBA148}.Debug|x64.ActiveCfg = Debug|x64
		{8E9AFD93-AC83-48EE-9E3C-0E84AFEBA148}.Debug|x64.Build.0 = Debug|x64
		{8E9AFD93-AC83-48EE-9E3C-0E84AFEBA148}.Debug|x86.ActiveCfg = Debug|Any CPU
		{8E9AFD93-AC83-48EE-9E3C-0E84AFEBA148}.Debug|x86.Build.0 = Debug|Any CPU
		{8E9AFD93-AC83-48EE-9E3C-0E84AFEBA148}.Release|Any CPU.ActiveCfg = Release|Any CPU
		{8E9AFD93-AC83-48EE-9E3C-0E84AFEBA148}.Release|Any CPU.Build.0 = Release|Any CPU
		{8E9AFD93-AC83-48EE-9E3C-0E84AFEBA148}.Release|x64.ActiveCfg = Release|x64
		{8E9AFD93-AC83-48EE-9E3C-0E84AFEBA148}.Release|x64.Build.0 = Release|x64
		{8E9AFD93-AC83-48EE-9E3C-0E84AFEBA148}.Release|x86.ActiveCfg = Release|Any CPU
		{8E9AFD93-AC83-48EE-9E3C-0E84AFEBA148}.Release|x86.Build.0 = Release|Any CPU
		{788595CC-B02D-479C-AF41-D1D8753F9206}.Debug|Any CPU.ActiveCfg = Debug|Any CPU
		{788595CC-B02D-479C-AF41-D1D8753F9206}.Debug|Any CPU.Build.0 = Debug|Any CPU
		{788595CC-B02D-479C-AF41-D1D8753F9206}.Debug|x64.ActiveCfg = Debug|x64
		{788595CC-B02D-479C-AF41-D1D8753F9206}.Debug|x64.Build.0 = Debug|x64
		{788595CC-B02D-479C-AF41-D1D8753F9206}.Debug|x86.ActiveCfg = Debug|Any CPU
		{788595CC-B02D-479C-AF41-D1D8753F9206}.Debug|x86.Build.0 = Debug|Any CPU
		{788595CC-B02D-479C-AF41-D1D8753F9206}.Release|Any CPU.ActiveCfg = Release|Any CPU
		{788595CC-B02D-479C-AF41-D1D8753F9206}.Release|Any CPU.Build.0 = Release|Any CPU
		{788595CC-B02D-479C-AF41-D1D8753F9206}.Release|x64.ActiveCfg = Release|x64
		{788595CC-B02D-479C-AF41-D1D8753F9206}.Release|x64.Build.0 = Release|x64
		{788595CC-B02D-479C-AF41-D1D8753F9206}.Release|x86.ActiveCfg = Release|Any CPU
		{788595CC-B02D-479C-AF41-D1D8753F9206}.Release|x86.Build.0 = Release|Any CPU
		{13A78DD5-0C34-4135-B3D7-E14400A2743C}.Debug|Any CPU.ActiveCfg = Debug|Any CPU
		{13A78DD5-0C34-4135-B3D7-E14400A2743C}.Debug|Any CPU.Build.0 = Debug|Any CPU
		{13A78DD5-0C34-4135-B3D7-E14400A2743C}.Debug|x64.ActiveCfg = Debug|x64
		{13A78DD5-0C34-4135-B3D7-E14400A2743C}.Debug|x64.Build.0 = Debug|x64
		{13A78DD5-0C34-4135-B3D7-E14400A2743C}.Debug|x86.ActiveCfg = Debug|Any CPU
		{13A78DD5-0C34-4135-B3D7-E14400A2743C}.Debug|x86.Build.0 = Debug|Any CPU
		{13A78DD5-0C34-4135-B3D7-E14400A2743C}.Release|Any CPU.ActiveCfg = Release|Any CPU
		{13A78DD5-0C34-4135-B3D7-E14400A2743C}.Release|Any CPU.Build.0 = Release|Any CPU
		{13A78DD5-0C34-4135-B3D7-E14400A2743C}.Release|x64.ActiveCfg = Release|x64
		{13A78DD5-0C34-4135-B3D7-E14400A2743C}.Release|x64.Build.0 = Release|x64
		{13A78DD5-0C34-4135-B3D7-E14400A2743C}.Release|x86.ActiveCfg = Release|Any CPU
		{13A78DD5-0C34-4135-B3D7-E14400A2743C}.Release|x86.Build.0 = Release|Any CPU
		{32B30A3E-9A35-4BF6-993F-CBD90D97E9B7}.Debug|Any CPU.ActiveCfg = Debug|Any CPU
		{32B30A3E-9A35-4BF6-993F-CBD90D97E9B7}.Debug|Any CPU.Build.0 = Debug|Any CPU
		{32B30A3E-9A35-4BF6-993F-CBD90D97E9B7}.Debug|x64.ActiveCfg = Debug|x64
		{32B30A3E-9A35-4BF6-993F-CBD90D97E9B7}.Debug|x64.Build.0 = Debug|x64
		{32B30A3E-9A35-4BF6-993F-CBD90D97E9B7}.Debug|x86.ActiveCfg = Debug|Any CPU
		{32B30A3E-9A35-4BF6-993F-CBD90D97E9B7}.Debug|x86.Build.0 = Debug|Any CPU
		{32B30A3E-9A35-4BF6-993F-CBD90D97E9B7}.Release|Any CPU.ActiveCfg = Release|Any CPU
		{32B30A3E-9A35-4BF6-993F-CBD90D97E9B7}.Release|Any CPU.Build.0 = Release|Any CPU
		{32B30A3E-9A35-4BF6-993F-CBD90D97E9B7}.Release|x64.ActiveCfg = Release|x64
		{32B30A3E-9A35-4BF6-993F-CBD90D97E9B7}.Release|x64.Build.0 = Release|x64
		{32B30A3E-9A35-4BF6-993F-CBD90D97E9B7}.Release|x86.ActiveCfg = Release|Any CPU
		{32B30A3E-9A35-4BF6-993F-CBD90D97E9B7}.Release|x86.Build.0 = Release|Any CPU
		{1DE0516A-8B0B-4EB0-A1CD-DE40E8E77BF7}.Debug|Any CPU.ActiveCfg = Debug|Any CPU
		{1DE0516A-8B0B-4EB0-A1CD-DE40E8E77BF7}.Debug|Any CPU.Build.0 = Debug|Any CPU
		{1DE0516A-8B0B-4EB0-A1CD-DE40E8E77BF7}.Debug|x64.ActiveCfg = Debug|x64
		{1DE0516A-8B0B-4EB0-A1CD-DE40E8E77BF7}.Debug|x64.Build.0 = Debug|x64
		{1DE0516A-8B0B-4EB0-A1CD-DE40E8E77BF7}.Debug|x86.ActiveCfg = Debug|Any CPU
		{1DE0516A-8B0B-4EB0-A1CD-DE40E8E77BF7}.Debug|x86.Build.0 = Debug|Any CPU
		{1DE0516A-8B0B-4EB0-A1CD-DE40E8E77BF7}.Release|Any CPU.ActiveCfg = Release|Any CPU
		{1DE0516A-8B0B-4EB0-A1CD-DE40E8E77BF7}.Release|Any CPU.Build.0 = Release|Any CPU
		{1DE0516A-8B0B-4EB0-A1CD-DE40E8E77BF7}.Release|x64.ActiveCfg = Release|x64
		{1DE0516A-8B0B-4EB0-A1CD-DE40E8E77BF7}.Release|x64.Build.0 = Release|x64
		{1DE0516A-8B0B-4EB0-A1CD-DE40E8E77BF7}.Release|x86.ActiveCfg = Release|Any CPU
		{1DE0516A-8B0B-4EB0-A1CD-DE40E8E77BF7}.Release|x86.Build.0 = Release|Any CPU
		{7022F802-B56E-44D0-93C9-CA27E68A1A7A}.Debug|Any CPU.ActiveCfg = Debug|Any CPU
		{7022F802-B56E-44D0-93C9-CA27E68A1A7A}.Debug|Any CPU.Build.0 = Debug|Any CPU
		{7022F802-B56E-44D0-93C9-CA27E68A1A7A}.Debug|x64.ActiveCfg = Debug|x64
		{7022F802-B56E-44D0-93C9-CA27E68A1A7A}.Debug|x64.Build.0 = Debug|x64
		{7022F802-B56E-44D0-93C9-CA27E68A1A7A}.Debug|x86.ActiveCfg = Debug|Any CPU
		{7022F802-B56E-44D0-93C9-CA27E68A1A7A}.Debug|x86.Build.0 = Debug|Any CPU
		{7022F802-B56E-44D0-93C9-CA27E68A1A7A}.Release|Any CPU.ActiveCfg = Release|Any CPU
		{7022F802-B56E-44D0-93C9-CA27E68A1A7A}.Release|Any CPU.Build.0 = Release|Any CPU
		{7022F802-B56E-44D0-93C9-CA27E68A1A7A}.Release|x64.ActiveCfg = Release|x64
		{7022F802-B56E-44D0-93C9-CA27E68A1A7A}.Release|x64.Build.0 = Release|x64
		{7022F802-B56E-44D0-93C9-CA27E68A1A7A}.Release|x86.ActiveCfg = Release|Any CPU
		{7022F802-B56E-44D0-93C9-CA27E68A1A7A}.Release|x86.Build.0 = Release|Any CPU
		{A085DE39-95DF-4A56-A318-F6804D001EAB}.Debug|Any CPU.ActiveCfg = Debug|Any CPU
		{A085DE39-95DF-4A56-A318-F6804D001EAB}.Debug|Any CPU.Build.0 = Debug|Any CPU
		{A085DE39-95DF-4A56-A318-F6804D001EAB}.Debug|x64.ActiveCfg = Debug|x64
		{A085DE39-95DF-4A56-A318-F6804D001EAB}.Debug|x64.Build.0 = Debug|x64
		{A085DE39-95DF-4A56-A318-F6804D001EAB}.Debug|x86.ActiveCfg = Debug|Any CPU
		{A085DE39-95DF-4A56-A318-F6804D001EAB}.Debug|x86.Build.0 = Debug|Any CPU
		{A085DE39-95DF-4A56-A318-F6804D001EAB}.Release|Any CPU.ActiveCfg = Release|Any CPU
		{A085DE39-95DF-4A56-A318-F6804D001EAB}.Release|Any CPU.Build.0 = Release|Any CPU
		{A085DE39-95DF-4A56-A318-F6804D001EAB}.Release|x64.ActiveCfg = Release|x64
		{A085DE39-95DF-4A56-A318-F6804D001EAB}.Release|x64.Build.0 = Release|x64
		{A085DE39-95DF-4A56-A318-F6804D001EAB}.Release|x86.ActiveCfg = Release|Any CPU
		{A085DE39-95DF-4A56-A318-F6804D001EAB}.Release|x86.Build.0 = Release|Any CPU
		{6195D1C1-D9E3-4173-9A71-2BA7ADFAD370}.Debug|Any CPU.ActiveCfg = Debug|Any CPU
		{6195D1C1-D9E3-4173-9A71-2BA7ADFAD370}.Debug|Any CPU.Build.0 = Debug|Any CPU
		{6195D1C1-D9E3-4173-9A71-2BA7ADFAD370}.Debug|x64.ActiveCfg = Debug|x64
		{6195D1C1-D9E3-4173-9A71-2BA7ADFAD370}.Debug|x64.Build.0 = Debug|x64
		{6195D1C1-D9E3-4173-9A71-2BA7ADFAD370}.Debug|x86.ActiveCfg = Debug|Any CPU
		{6195D1C1-D9E3-4173-9A71-2BA7ADFAD370}.Debug|x86.Build.0 = Debug|Any CPU
		{6195D1C1-D9E3-4173-9A71-2BA7ADFAD370}.Release|Any CPU.ActiveCfg = Release|Any CPU
		{6195D1C1-D9E3-4173-9A71-2BA7ADFAD370}.Release|Any CPU.Build.0 = Release|Any CPU
		{6195D1C1-D9E3-4173-9A71-2BA7ADFAD370}.Release|x64.ActiveCfg = Release|x64
		{6195D1C1-D9E3-4173-9A71-2BA7ADFAD370}.Release|x64.Build.0 = Release|x64
		{6195D1C1-D9E3-4173-9A71-2BA7ADFAD370}.Release|x86.ActiveCfg = Release|Any CPU
		{6195D1C1-D9E3-4173-9A71-2BA7ADFAD370}.Release|x86.Build.0 = Release|Any CPU
		{5F65CECC-022E-4A54-A661-96A934D6B26C}.Debug|Any CPU.ActiveCfg = Debug|Any CPU
		{5F65CECC-022E-4A54-A661-96A934D6B26C}.Debug|Any CPU.Build.0 = Debug|Any CPU
		{5F65CECC-022E-4A54-A661-96A934D6B26C}.Debug|x64.ActiveCfg = Debug|x64
		{5F65CECC-022E-4A54-A661-96A934D6B26C}.Debug|x64.Build.0 = Debug|x64
		{5F65CECC-022E-4A54-A661-96A934D6B26C}.Debug|x86.ActiveCfg = Debug|Any CPU
		{5F65CECC-022E-4A54-A661-96A934D6B26C}.Debug|x86.Build.0 = Debug|Any CPU
		{5F65CECC-022E-4A54-A661-96A934D6B26C}.Release|Any CPU.ActiveCfg = Release|Any CPU
		{5F65CECC-022E-4A54-A661-96A934D6B26C}.Release|Any CPU.Build.0 = Release|Any CPU
		{5F65CECC-022E-4A54-A661-96A934D6B26C}.Release|x64.ActiveCfg = Release|x64
		{5F65CECC-022E-4A54-A661-96A934D6B26C}.Release|x64.Build.0 = Release|x64
		{5F65CECC-022E-4A54-A661-96A934D6B26C}.Release|x86.ActiveCfg = Release|Any CPU
		{5F65CECC-022E-4A54-A661-96A934D6B26C}.Release|x86.Build.0 = Release|Any CPU
		{1EFE3851-7974-4488-82C4-A9AAF6A21A2F}.Debug|Any CPU.ActiveCfg = Debug|Any CPU
		{1EFE3851-7974-4488-82C4-A9AAF6A21A2F}.Debug|Any CPU.Build.0 = Debug|Any CPU
		{1EFE3851-7974-4488-82C4-A9AAF6A21A2F}.Debug|x64.ActiveCfg = Debug|x64
		{1EFE3851-7974-4488-82C4-A9AAF6A21A2F}.Debug|x64.Build.0 = Debug|x64
		{1EFE3851-7974-4488-82C4-A9AAF6A21A2F}.Debug|x86.ActiveCfg = Debug|Any CPU
		{1EFE3851-7974-4488-82C4-A9AAF6A21A2F}.Debug|x86.Build.0 = Debug|Any CPU
		{1EFE3851-7974-4488-82C4-A9AAF6A21A2F}.Release|Any CPU.ActiveCfg = Release|Any CPU
		{1EFE3851-7974-4488-82C4-A9AAF6A21A2F}.Release|Any CPU.Build.0 = Release|Any CPU
		{1EFE3851-7974-4488-82C4-A9AAF6A21A2F}.Release|x64.ActiveCfg = Release|x64
		{1EFE3851-7974-4488-82C4-A9AAF6A21A2F}.Release|x64.Build.0 = Release|x64
		{1EFE3851-7974-4488-82C4-A9AAF6A21A2F}.Release|x86.ActiveCfg = Release|Any CPU
		{1EFE3851-7974-4488-82C4-A9AAF6A21A2F}.Release|x86.Build.0 = Release|Any CPU
		{96928F7A-F262-4E2E-AEE8-1225C8D0D306}.Debug|Any CPU.ActiveCfg = Debug|Any CPU
		{96928F7A-F262-4E2E-AEE8-1225C8D0D306}.Debug|Any CPU.Build.0 = Debug|Any CPU
		{96928F7A-F262-4E2E-AEE8-1225C8D0D306}.Debug|x64.ActiveCfg = Debug|x64
		{96928F7A-F262-4E2E-AEE8-1225C8D0D306}.Debug|x64.Build.0 = Debug|x64
		{96928F7A-F262-4E2E-AEE8-1225C8D0D306}.Debug|x86.ActiveCfg = Debug|Any CPU
		{96928F7A-F262-4E2E-AEE8-1225C8D0D306}.Debug|x86.Build.0 = Debug|Any CPU
		{96928F7A-F262-4E2E-AEE8-1225C8D0D306}.Release|Any CPU.ActiveCfg = Release|Any CPU
		{96928F7A-F262-4E2E-AEE8-1225C8D0D306}.Release|Any CPU.Build.0 = Release|Any CPU
		{96928F7A-F262-4E2E-AEE8-1225C8D0D306}.Release|x64.ActiveCfg = Release|x64
		{96928F7A-F262-4E2E-AEE8-1225C8D0D306}.Release|x64.Build.0 = Release|x64
		{96928F7A-F262-4E2E-AEE8-1225C8D0D306}.Release|x86.ActiveCfg = Release|Any CPU
		{96928F7A-F262-4E2E-AEE8-1225C8D0D306}.Release|x86.Build.0 = Release|Any CPU
		{09DDD286-D9E5-48D2-8EDD-CC7BDED92429}.Debug|Any CPU.ActiveCfg = Debug|Any CPU
		{09DDD286-D9E5-48D2-8EDD-CC7BDED92429}.Debug|Any CPU.Build.0 = Debug|Any CPU
		{09DDD286-D9E5-48D2-8EDD-CC7BDED92429}.Debug|x64.ActiveCfg = Debug|x64
		{09DDD286-D9E5-48D2-8EDD-CC7BDED92429}.Debug|x64.Build.0 = Debug|x64
		{09DDD286-D9E5-48D2-8EDD-CC7BDED92429}.Debug|x86.ActiveCfg = Debug|Any CPU
		{09DDD286-D9E5-48D2-8EDD-CC7BDED92429}.Debug|x86.Build.0 = Debug|Any CPU
		{09DDD286-D9E5-48D2-8EDD-CC7BDED92429}.Release|Any CPU.ActiveCfg = Release|Any CPU
		{09DDD286-D9E5-48D2-8EDD-CC7BDED92429}.Release|Any CPU.Build.0 = Release|Any CPU
		{09DDD286-D9E5-48D2-8EDD-CC7BDED92429}.Release|x64.ActiveCfg = Release|x64
		{09DDD286-D9E5-48D2-8EDD-CC7BDED92429}.Release|x64.Build.0 = Release|x64
		{09DDD286-D9E5-48D2-8EDD-CC7BDED92429}.Release|x86.ActiveCfg = Release|Any CPU
		{09DDD286-D9E5-48D2-8EDD-CC7BDED92429}.Release|x86.Build.0 = Release|Any CPU
		{396C8AB4-BBDB-4371-B2B4-F8DA37CAFA6B}.Debug|Any CPU.ActiveCfg = Debug|Any CPU
		{396C8AB4-BBDB-4371-B2B4-F8DA37CAFA6B}.Debug|Any CPU.Build.0 = Debug|Any CPU
		{396C8AB4-BBDB-4371-B2B4-F8DA37CAFA6B}.Debug|x64.ActiveCfg = Debug|x64
		{396C8AB4-BBDB-4371-B2B4-F8DA37CAFA6B}.Debug|x64.Build.0 = Debug|x64
		{396C8AB4-BBDB-4371-B2B4-F8DA37CAFA6B}.Debug|x86.ActiveCfg = Debug|Any CPU
		{396C8AB4-BBDB-4371-B2B4-F8DA37CAFA6B}.Debug|x86.Build.0 = Debug|Any CPU
		{396C8AB4-BBDB-4371-B2B4-F8DA37CAFA6B}.Release|Any CPU.ActiveCfg = Release|Any CPU
		{396C8AB4-BBDB-4371-B2B4-F8DA37CAFA6B}.Release|Any CPU.Build.0 = Release|Any CPU
		{396C8AB4-BBDB-4371-B2B4-F8DA37CAFA6B}.Release|x64.ActiveCfg = Release|x64
		{396C8AB4-BBDB-4371-B2B4-F8DA37CAFA6B}.Release|x64.Build.0 = Release|x64
		{396C8AB4-BBDB-4371-B2B4-F8DA37CAFA6B}.Release|x86.ActiveCfg = Release|Any CPU
		{396C8AB4-BBDB-4371-B2B4-F8DA37CAFA6B}.Release|x86.Build.0 = Release|Any CPU
		{E2527E43-78F3-4E72-A6EB-523090A83FB1}.Debug|Any CPU.ActiveCfg = Debug|Any CPU
		{E2527E43-78F3-4E72-A6EB-523090A83FB1}.Debug|Any CPU.Build.0 = Debug|Any CPU
		{E2527E43-78F3-4E72-A6EB-523090A83FB1}.Debug|x64.ActiveCfg = Debug|x64
		{E2527E43-78F3-4E72-A6EB-523090A83FB1}.Debug|x64.Build.0 = Debug|x64
		{E2527E43-78F3-4E72-A6EB-523090A83FB1}.Debug|x86.ActiveCfg = Debug|Any CPU
		{E2527E43-78F3-4E72-A6EB-523090A83FB1}.Debug|x86.Build.0 = Debug|Any CPU
		{E2527E43-78F3-4E72-A6EB-523090A83FB1}.Release|Any CPU.ActiveCfg = Release|Any CPU
		{E2527E43-78F3-4E72-A6EB-523090A83FB1}.Release|Any CPU.Build.0 = Release|Any CPU
		{E2527E43-78F3-4E72-A6EB-523090A83FB1}.Release|x64.ActiveCfg = Release|x64
		{E2527E43-78F3-4E72-A6EB-523090A83FB1}.Release|x64.Build.0 = Release|x64
		{E2527E43-78F3-4E72-A6EB-523090A83FB1}.Release|x86.ActiveCfg = Release|Any CPU
		{E2527E43-78F3-4E72-A6EB-523090A83FB1}.Release|x86.Build.0 = Release|Any CPU
		{D322C5F5-8F3F-47D1-8B83-B2B86E33C1E2}.Debug|Any CPU.ActiveCfg = Debug|Any CPU
		{D322C5F5-8F3F-47D1-8B83-B2B86E33C1E2}.Debug|Any CPU.Build.0 = Debug|Any CPU
		{D322C5F5-8F3F-47D1-8B83-B2B86E33C1E2}.Debug|x64.ActiveCfg = Debug|x64
		{D322C5F5-8F3F-47D1-8B83-B2B86E33C1E2}.Debug|x64.Build.0 = Debug|x64
		{D322C5F5-8F3F-47D1-8B83-B2B86E33C1E2}.Debug|x86.ActiveCfg = Debug|Any CPU
		{D322C5F5-8F3F-47D1-8B83-B2B86E33C1E2}.Debug|x86.Build.0 = Debug|Any CPU
		{D322C5F5-8F3F-47D1-8B83-B2B86E33C1E2}.Release|Any CPU.ActiveCfg = Release|Any CPU
		{D322C5F5-8F3F-47D1-8B83-B2B86E33C1E2}.Release|Any CPU.Build.0 = Release|Any CPU
		{D322C5F5-8F3F-47D1-8B83-B2B86E33C1E2}.Release|x64.ActiveCfg = Release|x64
		{D322C5F5-8F3F-47D1-8B83-B2B86E33C1E2}.Release|x64.Build.0 = Release|x64
		{D322C5F5-8F3F-47D1-8B83-B2B86E33C1E2}.Release|x86.ActiveCfg = Release|Any CPU
		{D322C5F5-8F3F-47D1-8B83-B2B86E33C1E2}.Release|x86.Build.0 = Release|Any CPU
		{F68A7752-BBEA-4662-89BD-681E56C2D3E5}.Debug|Any CPU.ActiveCfg = Debug|Any CPU
		{F68A7752-BBEA-4662-89BD-681E56C2D3E5}.Debug|Any CPU.Build.0 = Debug|Any CPU
		{F68A7752-BBEA-4662-89BD-681E56C2D3E5}.Debug|x64.ActiveCfg = Debug|x64
		{F68A7752-BBEA-4662-89BD-681E56C2D3E5}.Debug|x64.Build.0 = Debug|x64
		{F68A7752-BBEA-4662-89BD-681E56C2D3E5}.Debug|x86.ActiveCfg = Debug|Any CPU
		{F68A7752-BBEA-4662-89BD-681E56C2D3E5}.Debug|x86.Build.0 = Debug|Any CPU
		{F68A7752-BBEA-4662-89BD-681E56C2D3E5}.Release|Any CPU.ActiveCfg = Release|Any CPU
		{F68A7752-BBEA-4662-89BD-681E56C2D3E5}.Release|Any CPU.Build.0 = Release|Any CPU
		{F68A7752-BBEA-4662-89BD-681E56C2D3E5}.Release|x64.ActiveCfg = Release|x64
		{F68A7752-BBEA-4662-89BD-681E56C2D3E5}.Release|x64.Build.0 = Release|x64
		{F68A7752-BBEA-4662-89BD-681E56C2D3E5}.Release|x86.ActiveCfg = Release|Any CPU
		{F68A7752-BBEA-4662-89BD-681E56C2D3E5}.Release|x86.Build.0 = Release|Any CPU
		{2036ADC7-152C-4C75-9C48-F2E90BA0EA3F}.Debug|Any CPU.ActiveCfg = Debug|Any CPU
		{2036ADC7-152C-4C75-9C48-F2E90BA0EA3F}.Debug|Any CPU.Build.0 = Debug|Any CPU
		{2036ADC7-152C-4C75-9C48-F2E90BA0EA3F}.Debug|x64.ActiveCfg = Debug|x64
		{2036ADC7-152C-4C75-9C48-F2E90BA0EA3F}.Debug|x64.Build.0 = Debug|x64
		{2036ADC7-152C-4C75-9C48-F2E90BA0EA3F}.Debug|x86.ActiveCfg = Debug|Any CPU
		{2036ADC7-152C-4C75-9C48-F2E90BA0EA3F}.Debug|x86.Build.0 = Debug|Any CPU
		{2036ADC7-152C-4C75-9C48-F2E90BA0EA3F}.Release|Any CPU.ActiveCfg = Release|Any CPU
		{2036ADC7-152C-4C75-9C48-F2E90BA0EA3F}.Release|Any CPU.Build.0 = Release|Any CPU
		{2036ADC7-152C-4C75-9C48-F2E90BA0EA3F}.Release|x64.ActiveCfg = Release|x64
		{2036ADC7-152C-4C75-9C48-F2E90BA0EA3F}.Release|x64.Build.0 = Release|x64
		{2036ADC7-152C-4C75-9C48-F2E90BA0EA3F}.Release|x86.ActiveCfg = Release|Any CPU
		{2036ADC7-152C-4C75-9C48-F2E90BA0EA3F}.Release|x86.Build.0 = Release|Any CPU
		{79FBE38D-DE18-45DA-9D44-A67AD1AF2090}.Debug|Any CPU.ActiveCfg = Debug|Any CPU
		{79FBE38D-DE18-45DA-9D44-A67AD1AF2090}.Debug|Any CPU.Build.0 = Debug|Any CPU
		{79FBE38D-DE18-45DA-9D44-A67AD1AF2090}.Debug|x64.ActiveCfg = Debug|x64
		{79FBE38D-DE18-45DA-9D44-A67AD1AF2090}.Debug|x64.Build.0 = Debug|x64
		{79FBE38D-DE18-45DA-9D44-A67AD1AF2090}.Debug|x86.ActiveCfg = Debug|Any CPU
		{79FBE38D-DE18-45DA-9D44-A67AD1AF2090}.Debug|x86.Build.0 = Debug|Any CPU
		{79FBE38D-DE18-45DA-9D44-A67AD1AF2090}.Release|Any CPU.ActiveCfg = Release|Any CPU
		{79FBE38D-DE18-45DA-9D44-A67AD1AF2090}.Release|Any CPU.Build.0 = Release|Any CPU
		{79FBE38D-DE18-45DA-9D44-A67AD1AF2090}.Release|x64.ActiveCfg = Release|x64
		{79FBE38D-DE18-45DA-9D44-A67AD1AF2090}.Release|x64.Build.0 = Release|x64
		{79FBE38D-DE18-45DA-9D44-A67AD1AF2090}.Release|x86.ActiveCfg = Release|Any CPU
		{79FBE38D-DE18-45DA-9D44-A67AD1AF2090}.Release|x86.Build.0 = Release|Any CPU
		{AD2ADDD3-22D5-4810-896A-5D18C034AECB}.Debug|Any CPU.ActiveCfg = Debug|Any CPU
		{AD2ADDD3-22D5-4810-896A-5D18C034AECB}.Debug|Any CPU.Build.0 = Debug|Any CPU
		{AD2ADDD3-22D5-4810-896A-5D18C034AECB}.Debug|x64.ActiveCfg = Debug|x64
		{AD2ADDD3-22D5-4810-896A-5D18C034AECB}.Debug|x64.Build.0 = Debug|x64
		{AD2ADDD3-22D5-4810-896A-5D18C034AECB}.Debug|x86.ActiveCfg = Debug|Any CPU
		{AD2ADDD3-22D5-4810-896A-5D18C034AECB}.Debug|x86.Build.0 = Debug|Any CPU
		{AD2ADDD3-22D5-4810-896A-5D18C034AECB}.Release|Any CPU.ActiveCfg = Release|Any CPU
		{AD2ADDD3-22D5-4810-896A-5D18C034AECB}.Release|Any CPU.Build.0 = Release|Any CPU
		{AD2ADDD3-22D5-4810-896A-5D18C034AECB}.Release|x64.ActiveCfg = Release|x64
		{AD2ADDD3-22D5-4810-896A-5D18C034AECB}.Release|x64.Build.0 = Release|x64
		{AD2ADDD3-22D5-4810-896A-5D18C034AECB}.Release|x86.ActiveCfg = Release|Any CPU
		{AD2ADDD3-22D5-4810-896A-5D18C034AECB}.Release|x86.Build.0 = Release|Any CPU
		{B86F12E5-A9D4-49A0-B8A5-FB124B4DB2DC}.Debug|Any CPU.ActiveCfg = Debug|Any CPU
		{B86F12E5-A9D4-49A0-B8A5-FB124B4DB2DC}.Debug|Any CPU.Build.0 = Debug|Any CPU
		{B86F12E5-A9D4-49A0-B8A5-FB124B4DB2DC}.Debug|x64.ActiveCfg = Debug|x64
		{B86F12E5-A9D4-49A0-B8A5-FB124B4DB2DC}.Debug|x64.Build.0 = Debug|x64
		{B86F12E5-A9D4-49A0-B8A5-FB124B4DB2DC}.Debug|x86.ActiveCfg = Debug|Any CPU
		{B86F12E5-A9D4-49A0-B8A5-FB124B4DB2DC}.Debug|x86.Build.0 = Debug|Any CPU
		{B86F12E5-A9D4-49A0-B8A5-FB124B4DB2DC}.Release|Any CPU.ActiveCfg = Release|Any CPU
		{B86F12E5-A9D4-49A0-B8A5-FB124B4DB2DC}.Release|Any CPU.Build.0 = Release|Any CPU
		{B86F12E5-A9D4-49A0-B8A5-FB124B4DB2DC}.Release|x64.ActiveCfg = Release|x64
		{B86F12E5-A9D4-49A0-B8A5-FB124B4DB2DC}.Release|x64.Build.0 = Release|x64
		{B86F12E5-A9D4-49A0-B8A5-FB124B4DB2DC}.Release|x86.ActiveCfg = Release|Any CPU
		{B86F12E5-A9D4-49A0-B8A5-FB124B4DB2DC}.Release|x86.Build.0 = Release|Any CPU
		{9A0852D9-9B36-4A99-8E19-A5729F0B263E}.Debug|Any CPU.ActiveCfg = Debug|Any CPU
		{9A0852D9-9B36-4A99-8E19-A5729F0B263E}.Debug|Any CPU.Build.0 = Debug|Any CPU
		{9A0852D9-9B36-4A99-8E19-A5729F0B263E}.Debug|x64.ActiveCfg = Debug|x64
		{9A0852D9-9B36-4A99-8E19-A5729F0B263E}.Debug|x64.Build.0 = Debug|x64
		{9A0852D9-9B36-4A99-8E19-A5729F0B263E}.Debug|x86.ActiveCfg = Debug|Any CPU
		{9A0852D9-9B36-4A99-8E19-A5729F0B263E}.Debug|x86.Build.0 = Debug|Any CPU
		{9A0852D9-9B36-4A99-8E19-A5729F0B263E}.Release|Any CPU.ActiveCfg = Release|Any CPU
		{9A0852D9-9B36-4A99-8E19-A5729F0B263E}.Release|Any CPU.Build.0 = Release|Any CPU
		{9A0852D9-9B36-4A99-8E19-A5729F0B263E}.Release|x64.ActiveCfg = Release|x64
		{9A0852D9-9B36-4A99-8E19-A5729F0B263E}.Release|x64.Build.0 = Release|x64
		{9A0852D9-9B36-4A99-8E19-A5729F0B263E}.Release|x86.ActiveCfg = Release|Any CPU
		{9A0852D9-9B36-4A99-8E19-A5729F0B263E}.Release|x86.Build.0 = Release|Any CPU
		{D4ECB841-43AF-4EDF-B071-F107106CF5B4}.Debug|Any CPU.ActiveCfg = Debug|Any CPU
		{D4ECB841-43AF-4EDF-B071-F107106CF5B4}.Debug|Any CPU.Build.0 = Debug|Any CPU
		{D4ECB841-43AF-4EDF-B071-F107106CF5B4}.Debug|x64.ActiveCfg = Debug|x64
		{D4ECB841-43AF-4EDF-B071-F107106CF5B4}.Debug|x64.Build.0 = Debug|x64
		{D4ECB841-43AF-4EDF-B071-F107106CF5B4}.Debug|x86.ActiveCfg = Debug|Any CPU
		{D4ECB841-43AF-4EDF-B071-F107106CF5B4}.Debug|x86.Build.0 = Debug|Any CPU
		{D4ECB841-43AF-4EDF-B071-F107106CF5B4}.Release|Any CPU.ActiveCfg = Release|Any CPU
		{D4ECB841-43AF-4EDF-B071-F107106CF5B4}.Release|Any CPU.Build.0 = Release|Any CPU
		{D4ECB841-43AF-4EDF-B071-F107106CF5B4}.Release|x64.ActiveCfg = Release|x64
		{D4ECB841-43AF-4EDF-B071-F107106CF5B4}.Release|x64.Build.0 = Release|x64
		{D4ECB841-43AF-4EDF-B071-F107106CF5B4}.Release|x86.ActiveCfg = Release|Any CPU
		{D4ECB841-43AF-4EDF-B071-F107106CF5B4}.Release|x86.Build.0 = Release|Any CPU
		{F12541B7-2FB6-4684-9DA5-3A9065DC9ECC}.Debug|Any CPU.ActiveCfg = Debug|Any CPU
		{F12541B7-2FB6-4684-9DA5-3A9065DC9ECC}.Debug|Any CPU.Build.0 = Debug|Any CPU
		{F12541B7-2FB6-4684-9DA5-3A9065DC9ECC}.Debug|x64.ActiveCfg = Debug|x64
		{F12541B7-2FB6-4684-9DA5-3A9065DC9ECC}.Debug|x64.Build.0 = Debug|x64
		{F12541B7-2FB6-4684-9DA5-3A9065DC9ECC}.Debug|x86.ActiveCfg = Debug|Any CPU
		{F12541B7-2FB6-4684-9DA5-3A9065DC9ECC}.Debug|x86.Build.0 = Debug|Any CPU
		{F12541B7-2FB6-4684-9DA5-3A9065DC9ECC}.Release|Any CPU.ActiveCfg = Release|Any CPU
		{F12541B7-2FB6-4684-9DA5-3A9065DC9ECC}.Release|Any CPU.Build.0 = Release|Any CPU
		{F12541B7-2FB6-4684-9DA5-3A9065DC9ECC}.Release|x64.ActiveCfg = Release|x64
		{F12541B7-2FB6-4684-9DA5-3A9065DC9ECC}.Release|x64.Build.0 = Release|x64
		{F12541B7-2FB6-4684-9DA5-3A9065DC9ECC}.Release|x86.ActiveCfg = Release|Any CPU
		{F12541B7-2FB6-4684-9DA5-3A9065DC9ECC}.Release|x86.Build.0 = Release|Any CPU
		{350F0D4B-7EF5-44D6-B73F-1857320C9686}.Debug|Any CPU.ActiveCfg = Debug|Any CPU
		{350F0D4B-7EF5-44D6-B73F-1857320C9686}.Debug|Any CPU.Build.0 = Debug|Any CPU
		{350F0D4B-7EF5-44D6-B73F-1857320C9686}.Debug|x64.ActiveCfg = Debug|x64
		{350F0D4B-7EF5-44D6-B73F-1857320C9686}.Debug|x64.Build.0 = Debug|x64
		{350F0D4B-7EF5-44D6-B73F-1857320C9686}.Debug|x86.ActiveCfg = Debug|Any CPU
		{350F0D4B-7EF5-44D6-B73F-1857320C9686}.Debug|x86.Build.0 = Debug|Any CPU
		{350F0D4B-7EF5-44D6-B73F-1857320C9686}.Release|Any CPU.ActiveCfg = Release|Any CPU
		{350F0D4B-7EF5-44D6-B73F-1857320C9686}.Release|Any CPU.Build.0 = Release|Any CPU
		{350F0D4B-7EF5-44D6-B73F-1857320C9686}.Release|x64.ActiveCfg = Release|x64
		{350F0D4B-7EF5-44D6-B73F-1857320C9686}.Release|x64.Build.0 = Release|x64
		{350F0D4B-7EF5-44D6-B73F-1857320C9686}.Release|x86.ActiveCfg = Release|Any CPU
		{350F0D4B-7EF5-44D6-B73F-1857320C9686}.Release|x86.Build.0 = Release|Any CPU
		{E74E341D-0E1B-48C3-88F7-4752D42C0F4E}.Debug|Any CPU.ActiveCfg = Debug|Any CPU
		{E74E341D-0E1B-48C3-88F7-4752D42C0F4E}.Debug|Any CPU.Build.0 = Debug|Any CPU
		{E74E341D-0E1B-48C3-88F7-4752D42C0F4E}.Debug|x64.ActiveCfg = Debug|x64
		{E74E341D-0E1B-48C3-88F7-4752D42C0F4E}.Debug|x64.Build.0 = Debug|x64
		{E74E341D-0E1B-48C3-88F7-4752D42C0F4E}.Debug|x86.ActiveCfg = Debug|Any CPU
		{E74E341D-0E1B-48C3-88F7-4752D42C0F4E}.Debug|x86.Build.0 = Debug|Any CPU
		{E74E341D-0E1B-48C3-88F7-4752D42C0F4E}.Release|Any CPU.ActiveCfg = Release|Any CPU
		{E74E341D-0E1B-48C3-88F7-4752D42C0F4E}.Release|Any CPU.Build.0 = Release|Any CPU
		{E74E341D-0E1B-48C3-88F7-4752D42C0F4E}.Release|x64.ActiveCfg = Release|x64
		{E74E341D-0E1B-48C3-88F7-4752D42C0F4E}.Release|x64.Build.0 = Release|x64
		{E74E341D-0E1B-48C3-88F7-4752D42C0F4E}.Release|x86.ActiveCfg = Release|Any CPU
		{E74E341D-0E1B-48C3-88F7-4752D42C0F4E}.Release|x86.Build.0 = Release|Any CPU
		{16B03C75-B3E4-40A0-81B7-693F777AE0F5}.Debug|Any CPU.ActiveCfg = Debug|Any CPU
		{16B03C75-B3E4-40A0-81B7-693F777AE0F5}.Debug|Any CPU.Build.0 = Debug|Any CPU
		{16B03C75-B3E4-40A0-81B7-693F777AE0F5}.Debug|x64.ActiveCfg = Debug|x64
		{16B03C75-B3E4-40A0-81B7-693F777AE0F5}.Debug|x64.Build.0 = Debug|x64
		{16B03C75-B3E4-40A0-81B7-693F777AE0F5}.Debug|x86.ActiveCfg = Debug|Any CPU
		{16B03C75-B3E4-40A0-81B7-693F777AE0F5}.Debug|x86.Build.0 = Debug|Any CPU
		{16B03C75-B3E4-40A0-81B7-693F777AE0F5}.Release|Any CPU.ActiveCfg = Release|Any CPU
		{16B03C75-B3E4-40A0-81B7-693F777AE0F5}.Release|Any CPU.Build.0 = Release|Any CPU
		{16B03C75-B3E4-40A0-81B7-693F777AE0F5}.Release|x64.ActiveCfg = Release|x64
		{16B03C75-B3E4-40A0-81B7-693F777AE0F5}.Release|x64.Build.0 = Release|x64
		{16B03C75-B3E4-40A0-81B7-693F777AE0F5}.Release|x86.ActiveCfg = Release|Any CPU
		{16B03C75-B3E4-40A0-81B7-693F777AE0F5}.Release|x86.Build.0 = Release|Any CPU
		{6A0FE453-2740-4716-87DE-1D045F6B321A}.Debug|Any CPU.ActiveCfg = Debug|Any CPU
		{6A0FE453-2740-4716-87DE-1D045F6B321A}.Debug|Any CPU.Build.0 = Debug|Any CPU
		{6A0FE453-2740-4716-87DE-1D045F6B321A}.Debug|x64.ActiveCfg = Debug|x64
		{6A0FE453-2740-4716-87DE-1D045F6B321A}.Debug|x64.Build.0 = Debug|x64
		{6A0FE453-2740-4716-87DE-1D045F6B321A}.Debug|x86.ActiveCfg = Debug|Any CPU
		{6A0FE453-2740-4716-87DE-1D045F6B321A}.Debug|x86.Build.0 = Debug|Any CPU
		{6A0FE453-2740-4716-87DE-1D045F6B321A}.Release|Any CPU.ActiveCfg = Release|Any CPU
		{6A0FE453-2740-4716-87DE-1D045F6B321A}.Release|Any CPU.Build.0 = Release|Any CPU
		{6A0FE453-2740-4716-87DE-1D045F6B321A}.Release|x64.ActiveCfg = Release|x64
		{6A0FE453-2740-4716-87DE-1D045F6B321A}.Release|x64.Build.0 = Release|x64
		{6A0FE453-2740-4716-87DE-1D045F6B321A}.Release|x86.ActiveCfg = Release|Any CPU
		{6A0FE453-2740-4716-87DE-1D045F6B321A}.Release|x86.Build.0 = Release|Any CPU
		{B73ED249-C6C6-4B09-A929-CCDF7BF4F1AF}.Debug|Any CPU.ActiveCfg = Debug|Any CPU
		{B73ED249-C6C6-4B09-A929-CCDF7BF4F1AF}.Debug|Any CPU.Build.0 = Debug|Any CPU
		{B73ED249-C6C6-4B09-A929-CCDF7BF4F1AF}.Debug|x64.ActiveCfg = Debug|x64
		{B73ED249-C6C6-4B09-A929-CCDF7BF4F1AF}.Debug|x64.Build.0 = Debug|x64
		{B73ED249-C6C6-4B09-A929-CCDF7BF4F1AF}.Debug|x86.ActiveCfg = Debug|Any CPU
		{B73ED249-C6C6-4B09-A929-CCDF7BF4F1AF}.Debug|x86.Build.0 = Debug|Any CPU
		{B73ED249-C6C6-4B09-A929-CCDF7BF4F1AF}.Release|Any CPU.ActiveCfg = Release|Any CPU
		{B73ED249-C6C6-4B09-A929-CCDF7BF4F1AF}.Release|Any CPU.Build.0 = Release|Any CPU
		{B73ED249-C6C6-4B09-A929-CCDF7BF4F1AF}.Release|x64.ActiveCfg = Release|x64
		{B73ED249-C6C6-4B09-A929-CCDF7BF4F1AF}.Release|x64.Build.0 = Release|x64
		{B73ED249-C6C6-4B09-A929-CCDF7BF4F1AF}.Release|x86.ActiveCfg = Release|Any CPU
		{B73ED249-C6C6-4B09-A929-CCDF7BF4F1AF}.Release|x86.Build.0 = Release|Any CPU
		{A99C9440-5F84-48C6-A3A0-3FA017A447F7}.Debug|Any CPU.ActiveCfg = Debug|Any CPU
		{A99C9440-5F84-48C6-A3A0-3FA017A447F7}.Debug|Any CPU.Build.0 = Debug|Any CPU
		{A99C9440-5F84-48C6-A3A0-3FA017A447F7}.Debug|x64.ActiveCfg = Debug|x64
		{A99C9440-5F84-48C6-A3A0-3FA017A447F7}.Debug|x64.Build.0 = Debug|x64
		{A99C9440-5F84-48C6-A3A0-3FA017A447F7}.Debug|x86.ActiveCfg = Debug|Any CPU
		{A99C9440-5F84-48C6-A3A0-3FA017A447F7}.Debug|x86.Build.0 = Debug|Any CPU
		{A99C9440-5F84-48C6-A3A0-3FA017A447F7}.Release|Any CPU.ActiveCfg = Release|Any CPU
		{A99C9440-5F84-48C6-A3A0-3FA017A447F7}.Release|Any CPU.Build.0 = Release|Any CPU
		{A99C9440-5F84-48C6-A3A0-3FA017A447F7}.Release|x64.ActiveCfg = Release|x64
		{A99C9440-5F84-48C6-A3A0-3FA017A447F7}.Release|x64.Build.0 = Release|x64
		{A99C9440-5F84-48C6-A3A0-3FA017A447F7}.Release|x86.ActiveCfg = Release|Any CPU
		{A99C9440-5F84-48C6-A3A0-3FA017A447F7}.Release|x86.Build.0 = Release|Any CPU
	EndGlobalSection
	GlobalSection(SolutionProperties) = preSolution
		HideSolutionNode = FALSE
	EndGlobalSection
	GlobalSection(NestedProjects) = preSolution
		{04299329-232E-474D-9D6E-CFC9D8880775} = {58B99BAB-1602-9968-099C-9B3D8A4FEE31}
		{CA5A8B80-F8FC-4D51-9D23-FC6D719C6D77} = {4429E4A0-1B4A-3161-B875-E187699FDEDE}
		{4ABD659A-C04E-4807-9660-B35A2FE1C45E} = {17245595-230B-9055-A944-863F0DDDA8E8}
		{EE1E3933-7881-4A24-ACA9-8E1FDE055A56} = {17245595-230B-9055-A944-863F0DDDA8E8}
		{83EBCB3D-1395-44EC-97F0-6CD02A0D8CB3} = {BCCD52EE-A32D-FEEE-529C-A7938B31326C}
		{FEE8A904-C9CF-44F1-BDF6-B6C40F986EDC} = {BCCD52EE-A32D-FEEE-529C-A7938B31326C}
		{224939A2-76CD-4945-8E0E-2CA432C68E9E} = {BCCD52EE-A32D-FEEE-529C-A7938B31326C}
		{9CB7D6D2-2DBB-4467-87B5-C96BCFFD35AB} = {BCCD52EE-A32D-FEEE-529C-A7938B31326C}
		{28B20A39-3B3C-4CF2-A66C-673EF6ACD41D} = {17245595-230B-9055-A944-863F0DDDA8E8}
		{B5C0E67D-3824-45DB-8FA3-5D39F3AF5269} = {17245595-230B-9055-A944-863F0DDDA8E8}
		{813867F8-CD2D-4B69-B761-B1EC586074FB} = {17245595-230B-9055-A944-863F0DDDA8E8}
		{03ADC829-AB3B-4F87-B3E7-9335A9F0E8C1} = {17245595-230B-9055-A944-863F0DDDA8E8}
		{B949535A-8A94-44FB-BEA0-E9DD4A97AF58} = {BCCD52EE-A32D-FEEE-529C-A7938B31326C}
		{BC6238ED-03D5-4746-8D60-3A63F0F9056D} = {BCCD52EE-A32D-FEEE-529C-A7938B31326C}
		{BD2DCA50-2951-4CF8-B8AB-44F6B90D4603} = {BCCD52EE-A32D-FEEE-529C-A7938B31326C}
		{8E9AFD93-AC83-48EE-9E3C-0E84AFEBA148} = {BCCD52EE-A32D-FEEE-529C-A7938B31326C}
		{788595CC-B02D-479C-AF41-D1D8753F9206} = {BCCD52EE-A32D-FEEE-529C-A7938B31326C}
		{13A78DD5-0C34-4135-B3D7-E14400A2743C} = {17245595-230B-9055-A944-863F0DDDA8E8}
		{32B30A3E-9A35-4BF6-993F-CBD90D97E9B7} = {17245595-230B-9055-A944-863F0DDDA8E8}
		{1DE0516A-8B0B-4EB0-A1CD-DE40E8E77BF7} = {17245595-230B-9055-A944-863F0DDDA8E8}
		{7022F802-B56E-44D0-93C9-CA27E68A1A7A} = {17245595-230B-9055-A944-863F0DDDA8E8}
		{A085DE39-95DF-4A56-A318-F6804D001EAB} = {17245595-230B-9055-A944-863F0DDDA8E8}
		{6195D1C1-D9E3-4173-9A71-2BA7ADFAD370} = {B63B895B-1B16-28BD-1240-34AAAA58AEF0}
		{5F65CECC-022E-4A54-A661-96A934D6B26C} = {B63B895B-1B16-28BD-1240-34AAAA58AEF0}
		{1EFE3851-7974-4488-82C4-A9AAF6A21A2F} = {17245595-230B-9055-A944-863F0DDDA8E8}
		{96928F7A-F262-4E2E-AEE8-1225C8D0D306} = {17245595-230B-9055-A944-863F0DDDA8E8}
		{09DDD286-D9E5-48D2-8EDD-CC7BDED92429} = {1004DC83-88A7-80AF-4941-032B4D0568AB}
		{396C8AB4-BBDB-4371-B2B4-F8DA37CAFA6B} = {1004DC83-88A7-80AF-4941-032B4D0568AB}
		{E2527E43-78F3-4E72-A6EB-523090A83FB1} = {1004DC83-88A7-80AF-4941-032B4D0568AB}
		{D322C5F5-8F3F-47D1-8B83-B2B86E33C1E2} = {1004DC83-88A7-80AF-4941-032B4D0568AB}
		{F68A7752-BBEA-4662-89BD-681E56C2D3E5} = {1004DC83-88A7-80AF-4941-032B4D0568AB}
		{2036ADC7-152C-4C75-9C48-F2E90BA0EA3F} = {17245595-230B-9055-A944-863F0DDDA8E8}
		{79FBE38D-DE18-45DA-9D44-A67AD1AF2090} = {17245595-230B-9055-A944-863F0DDDA8E8}
		{AD2ADDD3-22D5-4810-896A-5D18C034AECB} = {17245595-230B-9055-A944-863F0DDDA8E8}
		{B86F12E5-A9D4-49A0-B8A5-FB124B4DB2DC} = {17245595-230B-9055-A944-863F0DDDA8E8}
		{9A0852D9-9B36-4A99-8E19-A5729F0B263E} = {17245595-230B-9055-A944-863F0DDDA8E8}
		{D4ECB841-43AF-4EDF-B071-F107106CF5B4} = {1004DC83-88A7-80AF-4941-032B4D0568AB}
		{F12541B7-2FB6-4684-9DA5-3A9065DC9ECC} = {1004DC83-88A7-80AF-4941-032B4D0568AB}
		{350F0D4B-7EF5-44D6-B73F-1857320C9686} = {1004DC83-88A7-80AF-4941-032B4D0568AB}
		{E74E341D-0E1B-48C3-88F7-4752D42C0F4E} = {1004DC83-88A7-80AF-4941-032B4D0568AB}
		{16B03C75-B3E4-40A0-81B7-693F777AE0F5} = {17245595-230B-9055-A944-863F0DDDA8E8}
		{6A0FE453-2740-4716-87DE-1D045F6B321A} = {17245595-230B-9055-A944-863F0DDDA8E8}
		{B73ED249-C6C6-4B09-A929-CCDF7BF4F1AF} = {17245595-230B-9055-A944-863F0DDDA8E8}
		{A99C9440-5F84-48C6-A3A0-3FA017A447F7} = {17245595-230B-9055-A944-863F0DDDA8E8}
	EndGlobalSection
	GlobalSection(ExtensibilityGlobals) = postSolution
		SolutionGuid = {455E8EB6-74CC-48FD-9B78-7EA7106C6445}
	EndGlobalSection
EndGlobal
