
Microsoft Visual Studio Solution File, Format Version 12.00
# Visual Studio Version 17
VisualStudioVersion = 17.0.31903.59
MinimumVisualStudioVersion = 10.0.40219.1
Project("{2150E333-8FDC-42A3-9474-1A3956D46DE8}") = "src", "src", "{827E0CD3-B72D-47B6-A68D-7590B98EB39B}"
EndProject
Project("{FAE04EC0-301F-11D3-BF4B-00C04F79EFBC}") = "EagleViewEnt.TaxStationPro.App", "src\EagleViewEnt.TaxStationPro.App\EagleViewEnt.TaxStationPro.App.csproj", "{D24252FF-7088-4DC0-ABE9-2772720836ED}"
EndProject
Project("{FAE04EC0-301F-11D3-BF4B-00C04F79EFBC}") = "EagleViewEnt.TaxStationPro.App.Abstractions", "src\EagleViewEnt.TaxStationPro.App.Abstractions\EagleViewEnt.TaxStationPro.App.Abstractions.csproj", "{18352DB4-DF0B-4CDA-AF65-5C1C4575F756}"
EndProject
Project("{2150E333-8FDC-42A3-9474-1A3956D46DE8}") = "tests", "tests", "{0AB3BF05-4346-4AA6-1389-037BE0695223}"
EndProject
Project("{FAE04EC0-301F-11D3-BF4B-00C04F79EFBC}") = "EagleViewEnt.TaxStationPro.App.Tests", "tests\EagleViewEnt.TaxStationPro.App.Tests\EagleViewEnt.TaxStationPro.App.Tests.csproj", "{6E102D71-D8B2-4F65-962F-2DB072823EBC}"
EndProject
Project("{FAE04EC0-301F-11D3-BF4B-00C04F79EFBC}") = "EagleViewEnt.TaxStationPro.App.Abstractions.Tests", "tests\EagleViewEnt.TaxStationPro.App.Abstractions.Tests\EagleViewEnt.TaxStationPro.App.Abstractions.Tests.csproj", "{449DD423-FA68-4187-9E78-FD8CA6BF1500}"
EndProject
Global
	GlobalSection(SolutionConfigurationPlatforms) = preSolution
		Debug|Any CPU = Debug|Any CPU
		Debug|x64 = Debug|x64
		Debug|x86 = Debug|x86
		Release|Any CPU = Release|Any CPU
		Release|x64 = Release|x64
		Release|x86 = Release|x86
	EndGlobalSection
	GlobalSection(ProjectConfigurationPlatforms) = postSolution
		{D24252FF-7088-4DC0-ABE9-2772720836ED}.Debug|Any CPU.ActiveCfg = Debug|Any CPU
		{D24252FF-7088-4DC0-ABE9-2772720836ED}.Debug|Any CPU.Build.0 = Debug|Any CPU
		{D24252FF-7088-4DC0-ABE9-2772720836ED}.Debug|x64.ActiveCfg = Debug|x64
		{D24252FF-7088-4DC0-ABE9-2772720836ED}.Debug|x64.Build.0 = Debug|x64
		{D24252FF-7088-4DC0-ABE9-2772720836ED}.Debug|x86.ActiveCfg = Debug|Any CPU
		{D24252FF-7088-4DC0-ABE9-2772720836ED}.Debug|x86.Build.0 = Debug|Any CPU
		{D24252FF-7088-4DC0-ABE9-2772720836ED}.Release|Any CPU.ActiveCfg = Release|Any CPU
		{D24252FF-7088-4DC0-ABE9-2772720836ED}.Release|Any CPU.Build.0 = Release|Any CPU
		{D24252FF-7088-4DC0-ABE9-2772720836ED}.Release|x64.ActiveCfg = Release|x64
		{D24252FF-7088-4DC0-ABE9-2772720836ED}.Release|x64.Build.0 = Release|x64
		{D24252FF-7088-4DC0-ABE9-2772720836ED}.Release|x86.ActiveCfg = Release|Any CPU
		{D24252FF-7088-4DC0-ABE9-2772720836ED}.Release|x86.Build.0 = Release|Any CPU
		{18352DB4-DF0B-4CDA-AF65-5C1C4575F756}.Debug|Any CPU.ActiveCfg = Debug|Any CPU
		{18352DB4-DF0B-4CDA-AF65-5C1C4575F756}.Debug|Any CPU.Build.0 = Debug|Any CPU
		{18352DB4-DF0B-4CDA-AF65-5C1C4575F756}.Debug|x64.ActiveCfg = Debug|x64
		{18352DB4-DF0B-4CDA-AF65-5C1C4575F756}.Debug|x64.Build.0 = Debug|x64
		{18352DB4-DF0B-4CDA-AF65-5C1C4575F756}.Debug|x86.ActiveCfg = Debug|Any CPU
		{18352DB4-DF0B-4CDA-AF65-5C1C4575F756}.Debug|x86.Build.0 = Debug|Any CPU
		{18352DB4-DF0B-4CDA-AF65-5C1C4575F756}.Release|Any CPU.ActiveCfg = Release|Any CPU
		{18352DB4-DF0B-4CDA-AF65-5C1C4575F756}.Release|Any CPU.Build.0 = Release|Any CPU
		{18352DB4-DF0B-4CDA-AF65-5C1C4575F756}.Release|x64.ActiveCfg = Release|x64
		{18352DB4-DF0B-4CDA-AF65-5C1C4575F756}.Release|x64.Build.0 = Release|x64
		{18352DB4-DF0B-4CDA-AF65-5C1C4575F756}.Release|x86.ActiveCfg = Release|Any CPU
		{18352DB4-DF0B-4CDA-AF65-5C1C4575F756}.Release|x86.Build.0 = Release|Any CPU
		{6E102D71-D8B2-4F65-962F-2DB072823EBC}.Debug|Any CPU.ActiveCfg = Debug|Any CPU
		{6E102D71-D8B2-4F65-962F-2DB072823EBC}.Debug|Any CPU.Build.0 = Debug|Any CPU
		{6E102D71-D8B2-4F65-962F-2DB072823EBC}.Debug|x64.ActiveCfg = Debug|x64
		{6E102D71-D8B2-4F65-962F-2DB072823EBC}.Debug|x64.Build.0 = Debug|x64
		{6E102D71-D8B2-4F65-962F-2DB072823EBC}.Debug|x86.ActiveCfg = Debug|Any CPU
		{6E102D71-D8B2-4F65-962F-2DB072823EBC}.Debug|x86.Build.0 = Debug|Any CPU
		{6E102D71-D8B2-4F65-962F-2DB072823EBC}.Release|Any CPU.ActiveCfg = Release|Any CPU
		{6E102D71-D8B2-4F65-962F-2DB072823EBC}.Release|Any CPU.Build.0 = Release|Any CPU
		{6E102D71-D8B2-4F65-962F-2DB072823EBC}.Release|x64.ActiveCfg = Release|x64
		{6E102D71-D8B2-4F65-962F-2DB072823EBC}.Release|x64.Build.0 = Release|x64
		{6E102D71-D8B2-4F65-962F-2DB072823EBC}.Release|x86.ActiveCfg = Release|Any CPU
		{6E102D71-D8B2-4F65-962F-2DB072823EBC}.Release|x86.Build.0 = Release|Any CPU
		{449DD423-FA68-4187-9E78-FD8CA6BF1500}.Debug|Any CPU.ActiveCfg = Debug|Any CPU
		{449DD423-FA68-4187-9E78-FD8CA6BF1500}.Debug|Any CPU.Build.0 = Debug|Any CPU
		{449DD423-FA68-4187-9E78-FD8CA6BF1500}.Debug|x64.ActiveCfg = Debug|x64
		{449DD423-FA68-4187-9E78-FD8CA6BF1500}.Debug|x64.Build.0 = Debug|x64
		{449DD423-FA68-4187-9E78-FD8CA6BF1500}.Debug|x86.ActiveCfg = Debug|Any CPU
		{449DD423-FA68-4187-9E78-FD8CA6BF1500}.Debug|x86.Build.0 = Debug|Any CPU
		{449DD423-FA68-4187-9E78-FD8CA6BF1500}.Release|Any CPU.ActiveCfg = Release|Any CPU
		{449DD423-FA68-4187-9E78-FD8CA6BF1500}.Release|Any CPU.Build.0 = Release|Any CPU
		{449DD423-FA68-4187-9E78-FD8CA6BF1500}.Release|x64.ActiveCfg = Release|x64
		{449DD423-FA68-4187-9E78-FD8CA6BF1500}.Release|x64.Build.0 = Release|x64
		{449DD423-FA68-4187-9E78-FD8CA6BF1500}.Release|x86.ActiveCfg = Release|Any CPU
		{449DD423-FA68-4187-9E78-FD8CA6BF1500}.Release|x86.Build.0 = Release|Any CPU
	EndGlobalSection
	GlobalSection(SolutionProperties) = preSolution
		HideSolutionNode = FALSE
	EndGlobalSection
	GlobalSection(NestedProjects) = preSolution
		{D24252FF-7088-4DC0-ABE9-2772720836ED} = {827E0CD3-B72D-47B6-A68D-7590B98EB39B}
		{18352DB4-DF0B-4CDA-AF65-5C1C4575F756} = {827E0CD3-B72D-47B6-A68D-7590B98EB39B}
		{6E102D71-D8B2-4F65-962F-2DB072823EBC} = {0AB3BF05-4346-4AA6-1389-037BE0695223}
		{449DD423-FA68-4187-9E78-FD8CA6BF1500} = {0AB3BF05-4346-4AA6-1389-037BE0695223}
	EndGlobalSection
EndGlobal
