
Microsoft Visual Studio Solution File, Format Version 12.00
# Visual Studio Version 17
VisualStudioVersion = 17.0.31903.59
MinimumVisualStudioVersion = 10.0.40219.1
Project("{2150E333-8FDC-42A3-9474-1A3956D46DE8}") = "src", "src", "{827E0CD3-B72D-47B6-A68D-7590B98EB39B}"
EndProject
Project("{2150E333-8FDC-42A3-9474-1A3956D46DE8}") = "EagleViewEnt.TaxStationPro.Vendors", "EagleViewEnt.TaxStationPro.Vendors", "{B7CE5AC1-AABE-255A-AA28-A927DA4D49BC}"
EndProject
Project("{2150E333-8FDC-42A3-9474-1A3956D46DE8}") = "Kiosk", "Kiosk", "{1C5C602E-A3F6-25E3-2676-E1388A0B84BC}"
EndProject
Project("{2150E333-8FDC-42A3-9474-1A3956D46DE8}") = "Abstractions", "Abstractions", "{CD9587B6-EA24-DD61-6030-B92340310213}"
EndProject
Project("{FAE04EC0-301F-11D3-BF4B-00C04F79EFBC}") = "EagleViewEnt.TaxStationPro.Vendors.Kiosk.Abstractions", "src\EagleViewEnt.TaxStationPro.Vendors\Kiosk\Abstractions\EagleViewEnt.TaxStationPro.Vendors.Kiosk.Abstractions.csproj", "{FF2FE63F-CB43-45AB-AE67-7F64735214A1}"
EndProject
Project("{2150E333-8FDC-42A3-9474-1A3956D46DE8}") = "Core", "Core", "{97EEFFE5-09EE-BA3E-2B63-38445AD81B24}"
EndProject
Project("{FAE04EC0-301F-11D3-BF4B-00C04F79EFBC}") = "EagleViewEnt.TaxStationPro.Vendors.Kiosk.Core", "src\EagleViewEnt.TaxStationPro.Vendors\Kiosk\Core\EagleViewEnt.TaxStationPro.Vendors.Kiosk.Core.csproj", "{93F59FFD-96E3-46DE-9C73-1897B17003DB}"
EndProject
Project("{2150E333-8FDC-42A3-9474-1A3956D46DE8}") = "Cash", "Cash", "{5921BDD5-4FEB-1D42-6F90-90BA0027CC7F}"
EndProject
Project("{FAE04EC0-301F-11D3-BF4B-00C04F79EFBC}") = "EagleViewEnt.TaxStationPro.Vendors.Kiosk.Cash", "src\EagleViewEnt.TaxStationPro.Vendors\Kiosk\Cash\EagleViewEnt.TaxStationPro.Vendors.Kiosk.Cash.csproj", "{266D10FB-5815-4946-B921-121557595615}"
EndProject
Project("{2150E333-8FDC-42A3-9474-1A3956D46DE8}") = "Imaging", "Imaging", "{0C3894EB-0A51-1F08-38BF-FCB87D99E7C2}"
EndProject
Project("{FAE04EC0-301F-11D3-BF4B-00C04F79EFBC}") = "EagleViewEnt.TaxStationPro.Vendors.Kiosk.Imaging", "src\EagleViewEnt.TaxStationPro.Vendors\Kiosk\Imaging\EagleViewEnt.TaxStationPro.Vendors.Kiosk.Imaging.csproj", "{78D31E2C-3100-464C-B773-4B7C19DA2D53}"
EndProject
Project("{2150E333-8FDC-42A3-9474-1A3956D46DE8}") = "DocScan", "DocScan", "{EEF6D2E6-5888-A8C2-CFF8-6ADCF7F33A9D}"
EndProject
Project("{FAE04EC0-301F-11D3-BF4B-00C04F79EFBC}") = "EagleViewEnt.TaxStationPro.Vendors.Kiosk.DocScan", "src\EagleViewEnt.TaxStationPro.Vendors\Kiosk\DocScan\EagleViewEnt.TaxStationPro.Vendors.Kiosk.DocScan.csproj", "{9EF968DE-9DBF-4FE6-8FF9-0DD08939338F}"
EndProject
Project("{2150E333-8FDC-42A3-9474-1A3956D46DE8}") = "tests", "tests", "{0AB3BF05-4346-4AA6-1389-037BE0695223}"
EndProject
Project("{FAE04EC0-301F-11D3-BF4B-00C04F79EFBC}") = "EagleViewEnt.TaxStationPro.Vendors.Kiosk.Abstractions.Tests", "tests\EagleViewEnt.TaxStationPro.Vendors.Kiosk.Abstractions.Tests\EagleViewEnt.TaxStationPro.Vendors.Kiosk.Abstractions.Tests.csproj", "{84CB633D-3000-430B-B406-5D39AF4E7938}"
EndProject
Project("{FAE04EC0-301F-11D3-BF4B-00C04F79EFBC}") = "EagleViewEnt.TaxStationPro.Vendors.Kiosk.Core.Tests", "tests\EagleViewEnt.TaxStationPro.Vendors.Kiosk.Core.Tests\EagleViewEnt.TaxStationPro.Vendors.Kiosk.Core.Tests.csproj", "{A60356CF-E8A5-4819-B928-802C641DD33D}"
EndProject
Project("{FAE04EC0-301F-11D3-BF4B-00C04F79EFBC}") = "EagleViewEnt.TaxStationPro.Vendors.Kiosk.Cash.Tests", "tests\EagleViewEnt.TaxStationPro.Vendors.Kiosk.Cash.Tests\EagleViewEnt.TaxStationPro.Vendors.Kiosk.Cash.Tests.csproj", "{2F89DDD5-8F9B-412E-87F5-6BC586DBA12D}"
EndProject
Project("{FAE04EC0-301F-11D3-BF4B-00C04F79EFBC}") = "EagleViewEnt.TaxStationPro.Vendors.Kiosk.Imaging.Tests", "tests\EagleViewEnt.TaxStationPro.Vendors.Kiosk.Imaging.Tests\EagleViewEnt.TaxStationPro.Vendors.Kiosk.Imaging.Tests.csproj", "{51072B9A-5E78-4342-B33E-8A2F365C536A}"
EndProject
Project("{FAE04EC0-301F-11D3-BF4B-00C04F79EFBC}") = "EagleViewEnt.TaxStationPro.Vendors.Kiosk.DocScan.Tests", "tests\EagleViewEnt.TaxStationPro.Vendors.Kiosk.DocScan.Tests\EagleViewEnt.TaxStationPro.Vendors.Kiosk.DocScan.Tests.csproj", "{59E839FC-DEDF-424D-B30E-D8AB7F88668C}"
EndProject
Global
	GlobalSection(SolutionConfigurationPlatforms) = preSolution
		Debug|Any CPU = Debug|Any CPU
		Debug|x64 = Debug|x64
		Debug|x86 = Debug|x86
		Release|Any CPU = Release|Any CPU
		Release|x64 = Release|x64
		Release|x86 = Release|x86
	EndGlobalSection
	GlobalSection(ProjectConfigurationPlatforms) = postSolution
		{FF2FE63F-CB43-45AB-AE67-7F64735214A1}.Debug|Any CPU.ActiveCfg = Debug|Any CPU
		{FF2FE63F-CB43-45AB-AE67-7F64735214A1}.Debug|Any CPU.Build.0 = Debug|Any CPU
		{FF2FE63F-CB43-45AB-AE67-7F64735214A1}.Debug|x64.ActiveCfg = Debug|x64
		{FF2FE63F-CB43-45AB-AE67-7F64735214A1}.Debug|x64.Build.0 = Debug|x64
		{FF2FE63F-CB43-45AB-AE67-7F64735214A1}.Debug|x86.ActiveCfg = Debug|Any CPU
		{FF2FE63F-CB43-45AB-AE67-7F64735214A1}.Debug|x86.Build.0 = Debug|Any CPU
		{FF2FE63F-CB43-45AB-AE67-7F64735214A1}.Release|Any CPU.ActiveCfg = Release|Any CPU
		{FF2FE63F-CB43-45AB-AE67-7F64735214A1}.Release|Any CPU.Build.0 = Release|Any CPU
		{FF2FE63F-CB43-45AB-AE67-7F64735214A1}.Release|x64.ActiveCfg = Release|x64
		{FF2FE63F-CB43-45AB-AE67-7F64735214A1}.Release|x64.Build.0 = Release|x64
		{FF2FE63F-CB43-45AB-AE67-7F64735214A1}.Release|x86.ActiveCfg = Release|Any CPU
		{FF2FE63F-CB43-45AB-AE67-7F64735214A1}.Release|x86.Build.0 = Release|Any CPU
		{93F59FFD-96E3-46DE-9C73-1897B17003DB}.Debug|Any CPU.ActiveCfg = Debug|Any CPU
		{93F59FFD-96E3-46DE-9C73-1897B17003DB}.Debug|Any CPU.Build.0 = Debug|Any CPU
		{93F59FFD-96E3-46DE-9C73-1897B17003DB}.Debug|x64.ActiveCfg = Debug|x64
		{93F59FFD-96E3-46DE-9C73-1897B17003DB}.Debug|x64.Build.0 = Debug|x64
		{93F59FFD-96E3-46DE-9C73-1897B17003DB}.Debug|x86.ActiveCfg = Debug|Any CPU
		{93F59FFD-96E3-46DE-9C73-1897B17003DB}.Debug|x86.Build.0 = Debug|Any CPU
		{93F59FFD-96E3-46DE-9C73-1897B17003DB}.Release|Any CPU.ActiveCfg = Release|Any CPU
		{93F59FFD-96E3-46DE-9C73-1897B17003DB}.Release|Any CPU.Build.0 = Release|Any CPU
		{93F59FFD-96E3-46DE-9C73-1897B17003DB}.Release|x64.ActiveCfg = Release|x64
		{93F59FFD-96E3-46DE-9C73-1897B17003DB}.Release|x64.Build.0 = Release|x64
		{93F59FFD-96E3-46DE-9C73-1897B17003DB}.Release|x86.ActiveCfg = Release|Any CPU
		{93F59FFD-96E3-46DE-9C73-1897B17003DB}.Release|x86.Build.0 = Release|Any CPU
		{266D10FB-5815-4946-B921-121557595615}.Debug|Any CPU.ActiveCfg = Debug|Any CPU
		{266D10FB-5815-4946-B921-121557595615}.Debug|Any CPU.Build.0 = Debug|Any CPU
		{266D10FB-5815-4946-B921-121557595615}.Debug|x64.ActiveCfg = Debug|x64
		{266D10FB-5815-4946-B921-121557595615}.Debug|x64.Build.0 = Debug|x64
		{266D10FB-5815-4946-B921-121557595615}.Debug|x86.ActiveCfg = Debug|Any CPU
		{266D10FB-5815-4946-B921-121557595615}.Debug|x86.Build.0 = Debug|Any CPU
		{266D10FB-5815-4946-B921-121557595615}.Release|Any CPU.ActiveCfg = Release|Any CPU
		{266D10FB-5815-4946-B921-121557595615}.Release|Any CPU.Build.0 = Release|Any CPU
		{266D10FB-5815-4946-B921-121557595615}.Release|x64.ActiveCfg = Release|x64
		{266D10FB-5815-4946-B921-121557595615}.Release|x64.Build.0 = Release|x64
		{266D10FB-5815-4946-B921-121557595615}.Release|x86.ActiveCfg = Release|Any CPU
		{266D10FB-5815-4946-B921-121557595615}.Release|x86.Build.0 = Release|Any CPU
		{78D31E2C-3100-464C-B773-4B7C19DA2D53}.Debug|Any CPU.ActiveCfg = Debug|Any CPU
		{78D31E2C-3100-464C-B773-4B7C19DA2D53}.Debug|Any CPU.Build.0 = Debug|Any CPU
		{78D31E2C-3100-464C-B773-4B7C19DA2D53}.Debug|x64.ActiveCfg = Debug|x64
		{78D31E2C-3100-464C-B773-4B7C19DA2D53}.Debug|x64.Build.0 = Debug|x64
		{78D31E2C-3100-464C-B773-4B7C19DA2D53}.Debug|x86.ActiveCfg = Debug|Any CPU
		{78D31E2C-3100-464C-B773-4B7C19DA2D53}.Debug|x86.Build.0 = Debug|Any CPU
		{78D31E2C-3100-464C-B773-4B7C19DA2D53}.Release|Any CPU.ActiveCfg = Release|Any CPU
		{78D31E2C-3100-464C-B773-4B7C19DA2D53}.Release|Any CPU.Build.0 = Release|Any CPU
		{78D31E2C-3100-464C-B773-4B7C19DA2D53}.Release|x64.ActiveCfg = Release|x64
		{78D31E2C-3100-464C-B773-4B7C19DA2D53}.Release|x64.Build.0 = Release|x64
		{78D31E2C-3100-464C-B773-4B7C19DA2D53}.Release|x86.ActiveCfg = Release|Any CPU
		{78D31E2C-3100-464C-B773-4B7C19DA2D53}.Release|x86.Build.0 = Release|Any CPU
		{9EF968DE-9DBF-4FE6-8FF9-0DD08939338F}.Debug|Any CPU.ActiveCfg = Debug|Any CPU
		{9EF968DE-9DBF-4FE6-8FF9-0DD08939338F}.Debug|Any CPU.Build.0 = Debug|Any CPU
		{9EF968DE-9DBF-4FE6-8FF9-0DD08939338F}.Debug|x64.ActiveCfg = Debug|x64
		{9EF968DE-9DBF-4FE6-8FF9-0DD08939338F}.Debug|x64.Build.0 = Debug|x64
		{9EF968DE-9DBF-4FE6-8FF9-0DD08939338F}.Debug|x86.ActiveCfg = Debug|Any CPU
		{9EF968DE-9DBF-4FE6-8FF9-0DD08939338F}.Debug|x86.Build.0 = Debug|Any CPU
		{9EF968DE-9DBF-4FE6-8FF9-0DD08939338F}.Release|Any CPU.ActiveCfg = Release|Any CPU
		{9EF968DE-9DBF-4FE6-8FF9-0DD08939338F}.Release|Any CPU.Build.0 = Release|Any CPU
		{9EF968DE-9DBF-4FE6-8FF9-0DD08939338F}.Release|x64.ActiveCfg = Release|x64
		{9EF968DE-9DBF-4FE6-8FF9-0DD08939338F}.Release|x64.Build.0 = Release|x64
		{9EF968DE-9DBF-4FE6-8FF9-0DD08939338F}.Release|x86.ActiveCfg = Release|Any CPU
		{9EF968DE-9DBF-4FE6-8FF9-0DD08939338F}.Release|x86.Build.0 = Release|Any CPU
		{84CB633D-3000-430B-B406-5D39AF4E7938}.Debug|Any CPU.ActiveCfg = Debug|Any CPU
		{84CB633D-3000-430B-B406-5D39AF4E7938}.Debug|Any CPU.Build.0 = Debug|Any CPU
		{84CB633D-3000-430B-B406-5D39AF4E7938}.Debug|x64.ActiveCfg = Debug|x64
		{84CB633D-3000-430B-B406-5D39AF4E7938}.Debug|x64.Build.0 = Debug|x64
		{84CB633D-3000-430B-B406-5D39AF4E7938}.Debug|x86.ActiveCfg = Debug|Any CPU
		{84CB633D-3000-430B-B406-5D39AF4E7938}.Debug|x86.Build.0 = Debug|Any CPU
		{84CB633D-3000-430B-B406-5D39AF4E7938}.Release|Any CPU.ActiveCfg = Release|Any CPU
		{84CB633D-3000-430B-B406-5D39AF4E7938}.Release|Any CPU.Build.0 = Release|Any CPU
		{84CB633D-3000-430B-B406-5D39AF4E7938}.Release|x64.ActiveCfg = Release|x64
		{84CB633D-3000-430B-B406-5D39AF4E7938}.Release|x64.Build.0 = Release|x64
		{84CB633D-3000-430B-B406-5D39AF4E7938}.Release|x86.ActiveCfg = Release|Any CPU
		{84CB633D-3000-430B-B406-5D39AF4E7938}.Release|x86.Build.0 = Release|Any CPU
		{A60356CF-E8A5-4819-B928-802C641DD33D}.Debug|Any CPU.ActiveCfg = Debug|Any CPU
		{A60356CF-E8A5-4819-B928-802C641DD33D}.Debug|Any CPU.Build.0 = Debug|Any CPU
		{A60356CF-E8A5-4819-B928-802C641DD33D}.Debug|x64.ActiveCfg = Debug|x64
		{A60356CF-E8A5-4819-B928-802C641DD33D}.Debug|x64.Build.0 = Debug|x64
		{A60356CF-E8A5-4819-B928-802C641DD33D}.Debug|x86.ActiveCfg = Debug|Any CPU
		{A60356CF-E8A5-4819-B928-802C641DD33D}.Debug|x86.Build.0 = Debug|Any CPU
		{A60356CF-E8A5-4819-B928-802C641DD33D}.Release|Any CPU.ActiveCfg = Release|Any CPU
		{A60356CF-E8A5-4819-B928-802C641DD33D}.Release|Any CPU.Build.0 = Release|Any CPU
		{A60356CF-E8A5-4819-B928-802C641DD33D}.Release|x64.ActiveCfg = Release|x64
		{A60356CF-E8A5-4819-B928-802C641DD33D}.Release|x64.Build.0 = Release|x64
		{A60356CF-E8A5-4819-B928-802C641DD33D}.Release|x86.ActiveCfg = Release|Any CPU
		{A60356CF-E8A5-4819-B928-802C641DD33D}.Release|x86.Build.0 = Release|Any CPU
		{2F89DDD5-8F9B-412E-87F5-6BC586DBA12D}.Debug|Any CPU.ActiveCfg = Debug|Any CPU
		{2F89DDD5-8F9B-412E-87F5-6BC586DBA12D}.Debug|Any CPU.Build.0 = Debug|Any CPU
		{2F89DDD5-8F9B-412E-87F5-6BC586DBA12D}.Debug|x64.ActiveCfg = Debug|x64
		{2F89DDD5-8F9B-412E-87F5-6BC586DBA12D}.Debug|x64.Build.0 = Debug|x64
		{2F89DDD5-8F9B-412E-87F5-6BC586DBA12D}.Debug|x86.ActiveCfg = Debug|Any CPU
		{2F89DDD5-8F9B-412E-87F5-6BC586DBA12D}.Debug|x86.Build.0 = Debug|Any CPU
		{2F89DDD5-8F9B-412E-87F5-6BC586DBA12D}.Release|Any CPU.ActiveCfg = Release|Any CPU
		{2F89DDD5-8F9B-412E-87F5-6BC586DBA12D}.Release|Any CPU.Build.0 = Release|Any CPU
		{2F89DDD5-8F9B-412E-87F5-6BC586DBA12D}.Release|x64.ActiveCfg = Release|x64
		{2F89DDD5-8F9B-412E-87F5-6BC586DBA12D}.Release|x64.Build.0 = Release|x64
		{2F89DDD5-8F9B-412E-87F5-6BC586DBA12D}.Release|x86.ActiveCfg = Release|Any CPU
		{2F89DDD5-8F9B-412E-87F5-6BC586DBA12D}.Release|x86.Build.0 = Release|Any CPU
		{51072B9A-5E78-4342-B33E-8A2F365C536A}.Debug|Any CPU.ActiveCfg = Debug|Any CPU
		{51072B9A-5E78-4342-B33E-8A2F365C536A}.Debug|Any CPU.Build.0 = Debug|Any CPU
		{51072B9A-5E78-4342-B33E-8A2F365C536A}.Debug|x64.ActiveCfg = Debug|x64
		{51072B9A-5E78-4342-B33E-8A2F365C536A}.Debug|x64.Build.0 = Debug|x64
		{51072B9A-5E78-4342-B33E-8A2F365C536A}.Debug|x86.ActiveCfg = Debug|Any CPU
		{51072B9A-5E78-4342-B33E-8A2F365C536A}.Debug|x86.Build.0 = Debug|Any CPU
		{51072B9A-5E78-4342-B33E-8A2F365C536A}.Release|Any CPU.ActiveCfg = Release|Any CPU
		{51072B9A-5E78-4342-B33E-8A2F365C536A}.Release|Any CPU.Build.0 = Release|Any CPU
		{51072B9A-5E78-4342-B33E-8A2F365C536A}.Release|x64.ActiveCfg = Release|x64
		{51072B9A-5E78-4342-B33E-8A2F365C536A}.Release|x64.Build.0 = Release|x64
		{51072B9A-5E78-4342-B33E-8A2F365C536A}.Release|x86.ActiveCfg = Release|Any CPU
		{51072B9A-5E78-4342-B33E-8A2F365C536A}.Release|x86.Build.0 = Release|Any CPU
		{59E839FC-DEDF-424D-B30E-D8AB7F88668C}.Debug|Any CPU.ActiveCfg = Debug|Any CPU
		{59E839FC-DEDF-424D-B30E-D8AB7F88668C}.Debug|Any CPU.Build.0 = Debug|Any CPU
		{59E839FC-DEDF-424D-B30E-D8AB7F88668C}.Debug|x64.ActiveCfg = Debug|x64
		{59E839FC-DEDF-424D-B30E-D8AB7F88668C}.Debug|x64.Build.0 = Debug|x64
		{59E839FC-DEDF-424D-B30E-D8AB7F88668C}.Debug|x86.ActiveCfg = Debug|Any CPU
		{59E839FC-DEDF-424D-B30E-D8AB7F88668C}.Debug|x86.Build.0 = Debug|Any CPU
		{59E839FC-DEDF-424D-B30E-D8AB7F88668C}.Release|Any CPU.ActiveCfg = Release|Any CPU
		{59E839FC-DEDF-424D-B30E-D8AB7F88668C}.Release|Any CPU.Build.0 = Release|Any CPU
		{59E839FC-DEDF-424D-B30E-D8AB7F88668C}.Release|x64.ActiveCfg = Release|x64
		{59E839FC-DEDF-424D-B30E-D8AB7F88668C}.Release|x64.Build.0 = Release|x64
		{59E839FC-DEDF-424D-B30E-D8AB7F88668C}.Release|x86.ActiveCfg = Release|Any CPU
		{59E839FC-DEDF-424D-B30E-D8AB7F88668C}.Release|x86.Build.0 = Release|Any CPU
	EndGlobalSection
	GlobalSection(SolutionProperties) = preSolution
		HideSolutionNode = FALSE
	EndGlobalSection
	GlobalSection(NestedProjects) = preSolution
		{B7CE5AC1-AABE-255A-AA28-A927DA4D49BC} = {827E0CD3-B72D-47B6-A68D-7590B98EB39B}
		{1C5C602E-A3F6-25E3-2676-E1388A0B84BC} = {B7CE5AC1-AABE-255A-AA28-A927DA4D49BC}
		{CD9587B6-EA24-DD61-6030-B92340310213} = {1C5C602E-A3F6-25E3-2676-E1388A0B84BC}
		{FF2FE63F-CB43-45AB-AE67-7F64735214A1} = {CD9587B6-EA24-DD61-6030-B92340310213}
		{97EEFFE5-09EE-BA3E-2B63-38445AD81B24} = {1C5C602E-A3F6-25E3-2676-E1388A0B84BC}
		{93F59FFD-96E3-46DE-9C73-1897B17003DB} = {97EEFFE5-09EE-BA3E-2B63-38445AD81B24}
		{5921BDD5-4FEB-1D42-6F90-90BA0027CC7F} = {1C5C602E-A3F6-25E3-2676-E1388A0B84BC}
		{266D10FB-5815-4946-B921-121557595615} = {5921BDD5-4FEB-1D42-6F90-90BA0027CC7F}
		{0C3894EB-0A51-1F08-38BF-FCB87D99E7C2} = {1C5C602E-A3F6-25E3-2676-E1388A0B84BC}
		{78D31E2C-3100-464C-B773-4B7C19DA2D53} = {0C3894EB-0A51-1F08-38BF-FCB87D99E7C2}
		{EEF6D2E6-5888-A8C2-CFF8-6ADCF7F33A9D} = {1C5C602E-A3F6-25E3-2676-E1388A0B84BC}
		{9EF968DE-9DBF-4FE6-8FF9-0DD08939338F} = {EEF6D2E6-5888-A8C2-CFF8-6ADCF7F33A9D}
		{84CB633D-3000-430B-B406-5D39AF4E7938} = {0AB3BF05-4346-4AA6-1389-037BE0695223}
		{A60356CF-E8A5-4819-B928-802C641DD33D} = {0AB3BF05-4346-4AA6-1389-037BE0695223}
		{2F89DDD5-8F9B-412E-87F5-6BC586DBA12D} = {0AB3BF05-4346-4AA6-1389-037BE0695223}
		{51072B9A-5E78-4342-B33E-8A2F365C536A} = {0AB3BF05-4346-4AA6-1389-037BE0695223}
		{59E839FC-DEDF-424D-B30E-D8AB7F88668C} = {0AB3BF05-4346-4AA6-1389-037BE0695223}
	EndGlobalSection
EndGlobal
