
Microsoft Visual Studio Solution File, Format Version 12.00
# Visual Studio Version 17
VisualStudioVersion = 17.0.31903.59
MinimumVisualStudioVersion = 10.0.40219.1
Project("{2150E333-8FDC-42A3-9474-1A3956D46DE8}") = "src", "src", "{827E0CD3-B72D-47B6-A68D-7590B98EB39B}"
EndProject
Project("{2150E333-8FDC-42A3-9474-1A3956D46DE8}") = "EagleViewEnt.TaxStationPro.Vendors", "EagleViewEnt.TaxStationPro.Vendors", "{B7CE5AC1-AABE-255A-AA28-A927DA4D49BC}"
EndProject
Project("{2150E333-8FDC-42A3-9474-1A3956D46DE8}") = "PointAndPay", "PointAndPay", "{C75971AB-1045-C1CA-FD21-F2FA593A0FCE}"
EndProject
Project("{2150E333-8FDC-42A3-9474-1A3956D46DE8}") = "Abstractions", "Abstractions", "{1B43B9EB-C0B6-7A24-5F43-27A0E34BD79F}"
EndProject
Project("{FAE04EC0-301F-11D3-BF4B-00C04F79EFBC}") = "EagleViewEnt.TaxStationPro.Vendors.PointAndPay.Abstractions", "src\EagleViewEnt.TaxStationPro.Vendors\PointAndPay\Abstractions\EagleViewEnt.TaxStationPro.Vendors.PointAndPay.Abstractions.csproj", "{95A6D06E-E5D6-4C01-AB27-95F6A3D08074}"
EndProject
Project("{2150E333-8FDC-42A3-9474-1A3956D46DE8}") = "Core", "Core", "{B511DB28-8E09-D295-1180-616830C22207}"
EndProject
Project("{FAE04EC0-301F-11D3-BF4B-00C04F79EFBC}") = "EagleViewEnt.TaxStationPro.Vendors.PointAndPay.Core", "src\EagleViewEnt.TaxStationPro.Vendors\PointAndPay\Core\EagleViewEnt.TaxStationPro.Vendors.PointAndPay.Core.csproj", "{0B2BF164-CEFB-4220-A948-EDAB538A5D27}"
EndProject
Project("{2150E333-8FDC-42A3-9474-1A3956D46DE8}") = "Ach", "Ach", "{0AADC7FC-8E20-2F3C-5EB8-3C156579BC7D}"
EndProject
Project("{FAE04EC0-301F-11D3-BF4B-00C04F79EFBC}") = "EagleViewEnt.TaxStationPro.Vendors.PointAndPay.Ach", "src\EagleViewEnt.TaxStationPro.Vendors\PointAndPay\Ach\EagleViewEnt.TaxStationPro.Vendors.PointAndPay.Ach.csproj", "{910542E3-F238-405F-A2D4-1CB08494A673}"
EndProject
Project("{2150E333-8FDC-42A3-9474-1A3956D46DE8}") = "Card", "Card", "{68C93360-94C3-5166-9D00-C3404A861E9D}"
EndProject
Project("{FAE04EC0-301F-11D3-BF4B-00C04F79EFBC}") = "EagleViewEnt.TaxStationPro.Vendors.PointAndPay.Card", "src\EagleViewEnt.TaxStationPro.Vendors\PointAndPay\Card\EagleViewEnt.TaxStationPro.Vendors.PointAndPay.Card.csproj", "{1D829E61-B6F3-458C-ADD9-95191101AFE1}"
EndProject
Project("{2150E333-8FDC-42A3-9474-1A3956D46DE8}") = "tests", "tests", "{0AB3BF05-4346-4AA6-1389-037BE0695223}"
EndProject
Project("{FAE04EC0-301F-11D3-BF4B-00C04F79EFBC}") = "EagleViewEnt.TaxStationPro.Vendors.PointAndPay.Abstractions.Tests", "tests\EagleViewEnt.TaxStationPro.Vendors.PointAndPay.Abstractions.Tests\EagleViewEnt.TaxStationPro.Vendors.PointAndPay.Abstractions.Tests.csproj", "{6D3AF652-4EA9-4400-BEC4-CB87BCCF8E7D}"
EndProject
Project("{FAE04EC0-301F-11D3-BF4B-00C04F79EFBC}") = "EagleViewEnt.TaxStationPro.Vendors.PointAndPay.Core.Tests", "tests\EagleViewEnt.TaxStationPro.Vendors.PointAndPay.Core.Tests\EagleViewEnt.TaxStationPro.Vendors.PointAndPay.Core.Tests.csproj", "{CE85C2ED-BAA2-4AD4-82CD-CC9B4366FD9E}"
EndProject
Project("{FAE04EC0-301F-11D3-BF4B-00C04F79EFBC}") = "EagleViewEnt.TaxStationPro.Vendors.PointAndPay.Ach.Tests", "tests\EagleViewEnt.TaxStationPro.Vendors.PointAndPay.Ach.Tests\EagleViewEnt.TaxStationPro.Vendors.PointAndPay.Ach.Tests.csproj", "{424D684C-3651-4F63-B3B6-451ECEAD7BFE}"
EndProject
Project("{FAE04EC0-301F-11D3-BF4B-00C04F79EFBC}") = "EagleViewEnt.TaxStationPro.Vendors.PointAndPay.Card.Tests", "tests\EagleViewEnt.TaxStationPro.Vendors.PointAndPay.Card.Tests\EagleViewEnt.TaxStationPro.Vendors.PointAndPay.Card.Tests.csproj", "{9904788C-ADB5-4EB3-8532-E13E960E6790}"
EndProject
Global
	GlobalSection(SolutionConfigurationPlatforms) = preSolution
		Debug|Any CPU = Debug|Any CPU
		Debug|x64 = Debug|x64
		Debug|x86 = Debug|x86
		Release|Any CPU = Release|Any CPU
		Release|x64 = Release|x64
		Release|x86 = Release|x86
	EndGlobalSection
	GlobalSection(ProjectConfigurationPlatforms) = postSolution
		{95A6D06E-E5D6-4C01-AB27-95F6A3D08074}.Debug|Any CPU.ActiveCfg = Debug|Any CPU
		{95A6D06E-E5D6-4C01-AB27-95F6A3D08074}.Debug|Any CPU.Build.0 = Debug|Any CPU
		{95A6D06E-E5D6-4C01-AB27-95F6A3D08074}.Debug|x64.ActiveCfg = Debug|x64
		{95A6D06E-E5D6-4C01-AB27-95F6A3D08074}.Debug|x64.Build.0 = Debug|x64
		{95A6D06E-E5D6-4C01-AB27-95F6A3D08074}.Debug|x86.ActiveCfg = Debug|Any CPU
		{95A6D06E-E5D6-4C01-AB27-95F6A3D08074}.Debug|x86.Build.0 = Debug|Any CPU
		{95A6D06E-E5D6-4C01-AB27-95F6A3D08074}.Release|Any CPU.ActiveCfg = Release|Any CPU
		{95A6D06E-E5D6-4C01-AB27-95F6A3D08074}.Release|Any CPU.Build.0 = Release|Any CPU
		{95A6D06E-E5D6-4C01-AB27-95F6A3D08074}.Release|x64.ActiveCfg = Release|x64
		{95A6D06E-E5D6-4C01-AB27-95F6A3D08074}.Release|x64.Build.0 = Release|x64
		{95A6D06E-E5D6-4C01-AB27-95F6A3D08074}.Release|x86.ActiveCfg = Release|Any CPU
		{95A6D06E-E5D6-4C01-AB27-95F6A3D08074}.Release|x86.Build.0 = Release|Any CPU
		{0B2BF164-CEFB-4220-A948-EDAB538A5D27}.Debug|Any CPU.ActiveCfg = Debug|Any CPU
		{0B2BF164-CEFB-4220-A948-EDAB538A5D27}.Debug|Any CPU.Build.0 = Debug|Any CPU
		{0B2BF164-CEFB-4220-A948-EDAB538A5D27}.Debug|x64.ActiveCfg = Debug|x64
		{0B2BF164-CEFB-4220-A948-EDAB538A5D27}.Debug|x64.Build.0 = Debug|x64
		{0B2BF164-CEFB-4220-A948-EDAB538A5D27}.Debug|x86.ActiveCfg = Debug|Any CPU
		{0B2BF164-CEFB-4220-A948-EDAB538A5D27}.Debug|x86.Build.0 = Debug|Any CPU
		{0B2BF164-CEFB-4220-A948-EDAB538A5D27}.Release|Any CPU.ActiveCfg = Release|Any CPU
		{0B2BF164-CEFB-4220-A948-EDAB538A5D27}.Release|Any CPU.Build.0 = Release|Any CPU
		{0B2BF164-CEFB-4220-A948-EDAB538A5D27}.Release|x64.ActiveCfg = Release|x64
		{0B2BF164-CEFB-4220-A948-EDAB538A5D27}.Release|x64.Build.0 = Release|x64
		{0B2BF164-CEFB-4220-A948-EDAB538A5D27}.Release|x86.ActiveCfg = Release|Any CPU
		{0B2BF164-CEFB-4220-A948-EDAB538A5D27}.Release|x86.Build.0 = Release|Any CPU
		{910542E3-F238-405F-A2D4-1CB08494A673}.Debug|Any CPU.ActiveCfg = Debug|Any CPU
		{910542E3-F238-405F-A2D4-1CB08494A673}.Debug|Any CPU.Build.0 = Debug|Any CPU
		{910542E3-F238-405F-A2D4-1CB08494A673}.Debug|x64.ActiveCfg = Debug|x64
		{910542E3-F238-405F-A2D4-1CB08494A673}.Debug|x64.Build.0 = Debug|x64
		{910542E3-F238-405F-A2D4-1CB08494A673}.Debug|x86.ActiveCfg = Debug|Any CPU
		{910542E3-F238-405F-A2D4-1CB08494A673}.Debug|x86.Build.0 = Debug|Any CPU
		{910542E3-F238-405F-A2D4-1CB08494A673}.Release|Any CPU.ActiveCfg = Release|Any CPU
		{910542E3-F238-405F-A2D4-1CB08494A673}.Release|Any CPU.Build.0 = Release|Any CPU
		{910542E3-F238-405F-A2D4-1CB08494A673}.Release|x64.ActiveCfg = Release|x64
		{910542E3-F238-405F-A2D4-1CB08494A673}.Release|x64.Build.0 = Release|x64
		{910542E3-F238-405F-A2D4-1CB08494A673}.Release|x86.ActiveCfg = Release|Any CPU
		{910542E3-F238-405F-A2D4-1CB08494A673}.Release|x86.Build.0 = Release|Any CPU
		{1D829E61-B6F3-458C-ADD9-95191101AFE1}.Debug|Any CPU.ActiveCfg = Debug|Any CPU
		{1D829E61-B6F3-458C-ADD9-95191101AFE1}.Debug|Any CPU.Build.0 = Debug|Any CPU
		{1D829E61-B6F3-458C-ADD9-95191101AFE1}.Debug|x64.ActiveCfg = Debug|x64
		{1D829E61-B6F3-458C-ADD9-95191101AFE1}.Debug|x64.Build.0 = Debug|x64
		{1D829E61-B6F3-458C-ADD9-95191101AFE1}.Debug|x86.ActiveCfg = Debug|Any CPU
		{1D829E61-B6F3-458C-ADD9-95191101AFE1}.Debug|x86.Build.0 = Debug|Any CPU
		{1D829E61-B6F3-458C-ADD9-95191101AFE1}.Release|Any CPU.ActiveCfg = Release|Any CPU
		{1D829E61-B6F3-458C-ADD9-95191101AFE1}.Release|Any CPU.Build.0 = Release|Any CPU
		{1D829E61-B6F3-458C-ADD9-95191101AFE1}.Release|x64.ActiveCfg = Release|x64
		{1D829E61-B6F3-458C-ADD9-95191101AFE1}.Release|x64.Build.0 = Release|x64
		{1D829E61-B6F3-458C-ADD9-95191101AFE1}.Release|x86.ActiveCfg = Release|Any CPU
		{1D829E61-B6F3-458C-ADD9-95191101AFE1}.Release|x86.Build.0 = Release|Any CPU
		{6D3AF652-4EA9-4400-BEC4-CB87BCCF8E7D}.Debug|Any CPU.ActiveCfg = Debug|Any CPU
		{6D3AF652-4EA9-4400-BEC4-CB87BCCF8E7D}.Debug|Any CPU.Build.0 = Debug|Any CPU
		{6D3AF652-4EA9-4400-BEC4-CB87BCCF8E7D}.Debug|x64.ActiveCfg = Debug|x64
		{6D3AF652-4EA9-4400-BEC4-CB87BCCF8E7D}.Debug|x64.Build.0 = Debug|x64
		{6D3AF652-4EA9-4400-BEC4-CB87BCCF8E7D}.Debug|x86.ActiveCfg = Debug|Any CPU
		{6D3AF652-4EA9-4400-BEC4-CB87BCCF8E7D}.Debug|x86.Build.0 = Debug|Any CPU
		{6D3AF652-4EA9-4400-BEC4-CB87BCCF8E7D}.Release|Any CPU.ActiveCfg = Release|Any CPU
		{6D3AF652-4EA9-4400-BEC4-CB87BCCF8E7D}.Release|Any CPU.Build.0 = Release|Any CPU
		{6D3AF652-4EA9-4400-BEC4-CB87BCCF8E7D}.Release|x64.ActiveCfg = Release|x64
		{6D3AF652-4EA9-4400-BEC4-CB87BCCF8E7D}.Release|x64.Build.0 = Release|x64
		{6D3AF652-4EA9-4400-BEC4-CB87BCCF8E7D}.Release|x86.ActiveCfg = Release|Any CPU
		{6D3AF652-4EA9-4400-BEC4-CB87BCCF8E7D}.Release|x86.Build.0 = Release|Any CPU
		{CE85C2ED-BAA2-4AD4-82CD-CC9B4366FD9E}.Debug|Any CPU.ActiveCfg = Debug|Any CPU
		{CE85C2ED-BAA2-4AD4-82CD-CC9B4366FD9E}.Debug|Any CPU.Build.0 = Debug|Any CPU
		{CE85C2ED-BAA2-4AD4-82CD-CC9B4366FD9E}.Debug|x64.ActiveCfg = Debug|x64
		{CE85C2ED-BAA2-4AD4-82CD-CC9B4366FD9E}.Debug|x64.Build.0 = Debug|x64
		{CE85C2ED-BAA2-4AD4-82CD-CC9B4366FD9E}.Debug|x86.ActiveCfg = Debug|Any CPU
		{CE85C2ED-BAA2-4AD4-82CD-CC9B4366FD9E}.Debug|x86.Build.0 = Debug|Any CPU
		{CE85C2ED-BAA2-4AD4-82CD-CC9B4366FD9E}.Release|Any CPU.ActiveCfg = Release|Any CPU
		{CE85C2ED-BAA2-4AD4-82CD-CC9B4366FD9E}.Release|Any CPU.Build.0 = Release|Any CPU
		{CE85C2ED-BAA2-4AD4-82CD-CC9B4366FD9E}.Release|x64.ActiveCfg = Release|x64
		{CE85C2ED-BAA2-4AD4-82CD-CC9B4366FD9E}.Release|x64.Build.0 = Release|x64
		{CE85C2ED-BAA2-4AD4-82CD-CC9B4366FD9E}.Release|x86.ActiveCfg = Release|Any CPU
		{CE85C2ED-BAA2-4AD4-82CD-CC9B4366FD9E}.Release|x86.Build.0 = Release|Any CPU
		{424D684C-3651-4F63-B3B6-451ECEAD7BFE}.Debug|Any CPU.ActiveCfg = Debug|Any CPU
		{424D684C-3651-4F63-B3B6-451ECEAD7BFE}.Debug|Any CPU.Build.0 = Debug|Any CPU
		{424D684C-3651-4F63-B3B6-451ECEAD7BFE}.Debug|x64.ActiveCfg = Debug|x64
		{424D684C-3651-4F63-B3B6-451ECEAD7BFE}.Debug|x64.Build.0 = Debug|x64
		{424D684C-3651-4F63-B3B6-451ECEAD7BFE}.Debug|x86.ActiveCfg = Debug|Any CPU
		{424D684C-3651-4F63-B3B6-451ECEAD7BFE}.Debug|x86.Build.0 = Debug|Any CPU
		{424D684C-3651-4F63-B3B6-451ECEAD7BFE}.Release|Any CPU.ActiveCfg = Release|Any CPU
		{424D684C-3651-4F63-B3B6-451ECEAD7BFE}.Release|Any CPU.Build.0 = Release|Any CPU
		{424D684C-3651-4F63-B3B6-451ECEAD7BFE}.Release|x64.ActiveCfg = Release|x64
		{424D684C-3651-4F63-B3B6-451ECEAD7BFE}.Release|x64.Build.0 = Release|x64
		{424D684C-3651-4F63-B3B6-451ECEAD7BFE}.Release|x86.ActiveCfg = Release|Any CPU
		{424D684C-3651-4F63-B3B6-451ECEAD7BFE}.Release|x86.Build.0 = Release|Any CPU
		{9904788C-ADB5-4EB3-8532-E13E960E6790}.Debug|Any CPU.ActiveCfg = Debug|Any CPU
		{9904788C-ADB5-4EB3-8532-E13E960E6790}.Debug|Any CPU.Build.0 = Debug|Any CPU
		{9904788C-ADB5-4EB3-8532-E13E960E6790}.Debug|x64.ActiveCfg = Debug|x64
		{9904788C-ADB5-4EB3-8532-E13E960E6790}.Debug|x64.Build.0 = Debug|x64
		{9904788C-ADB5-4EB3-8532-E13E960E6790}.Debug|x86.ActiveCfg = Debug|Any CPU
		{9904788C-ADB5-4EB3-8532-E13E960E6790}.Debug|x86.Build.0 = Debug|Any CPU
		{9904788C-ADB5-4EB3-8532-E13E960E6790}.Release|Any CPU.ActiveCfg = Release|Any CPU
		{9904788C-ADB5-4EB3-8532-E13E960E6790}.Release|Any CPU.Build.0 = Release|Any CPU
		{9904788C-ADB5-4EB3-8532-E13E960E6790}.Release|x64.ActiveCfg = Release|x64
		{9904788C-ADB5-4EB3-8532-E13E960E6790}.Release|x64.Build.0 = Release|x64
		{9904788C-ADB5-4EB3-8532-E13E960E6790}.Release|x86.ActiveCfg = Release|Any CPU
		{9904788C-ADB5-4EB3-8532-E13E960E6790}.Release|x86.Build.0 = Release|Any CPU
	EndGlobalSection
	GlobalSection(SolutionProperties) = preSolution
		HideSolutionNode = FALSE
	EndGlobalSection
	GlobalSection(NestedProjects) = preSolution
		{B7CE5AC1-AABE-255A-AA28-A927DA4D49BC} = {827E0CD3-B72D-47B6-A68D-7590B98EB39B}
		{C75971AB-1045-C1CA-FD21-F2FA593A0FCE} = {B7CE5AC1-AABE-255A-AA28-A927DA4D49BC}
		{1B43B9EB-C0B6-7A24-5F43-27A0E34BD79F} = {C75971AB-1045-C1CA-FD21-F2FA593A0FCE}
		{95A6D06E-E5D6-4C01-AB27-95F6A3D08074} = {1B43B9EB-C0B6-7A24-5F43-27A0E34BD79F}
		{B511DB28-8E09-D295-1180-616830C22207} = {C75971AB-1045-C1CA-FD21-F2FA593A0FCE}
		{0B2BF164-CEFB-4220-A948-EDAB538A5D27} = {B511DB28-8E09-D295-1180-616830C22207}
		{0AADC7FC-8E20-2F3C-5EB8-3C156579BC7D} = {C75971AB-1045-C1CA-FD21-F2FA593A0FCE}
		{910542E3-F238-405F-A2D4-1CB08494A673} = {0AADC7FC-8E20-2F3C-5EB8-3C156579BC7D}
		{68C93360-94C3-5166-9D00-C3404A861E9D} = {C75971AB-1045-C1CA-FD21-F2FA593A0FCE}
		{1D829E61-B6F3-458C-ADD9-95191101AFE1} = {68C93360-94C3-5166-9D00-C3404A861E9D}
		{6D3AF652-4EA9-4400-BEC4-CB87BCCF8E7D} = {0AB3BF05-4346-4AA6-1389-037BE0695223}
		{CE85C2ED-BAA2-4AD4-82CD-CC9B4366FD9E} = {0AB3BF05-4346-4AA6-1389-037BE0695223}
		{424D684C-3651-4F63-B3B6-451ECEAD7BFE} = {0AB3BF05-4346-4AA6-1389-037BE0695223}
		{9904788C-ADB5-4EB3-8532-E13E960E6790} = {0AB3BF05-4346-4AA6-1389-037BE0695223}
	EndGlobalSection
EndGlobal
