
Microsoft Visual Studio Solution File, Format Version 12.00
# Visual Studio Version 17
VisualStudioVersion = 17.0.31903.59
MinimumVisualStudioVersion = 10.0.40219.1
Project("{2150E333-8FDC-42A3-9474-1A3956D46DE8}") = "src", "src", "{827E0CD3-B72D-47B6-A68D-7590B98EB39B}"
EndProject
Project("{2150E333-8FDC-42A3-9474-1A3956D46DE8}") = "EagleViewEnt.TaxStationPro.Customers", "EagleViewEnt.TaxStationPro.Customers", "{5AABB117-6E2E-C134-C8D8-17496D095AAD}"
EndProject
Project("{2150E333-8FDC-42A3-9474-1A3956D46DE8}") = "Merced", "Merced", "{6991106A-B0C2-BC1D-A99F-C25DCCC82355}"
EndProject
Project("{2150E333-8FDC-42A3-9474-1A3956D46DE8}") = "Data", "Data", "{FAA69882-B7D9-FCEA-E886-83E0F488FF3F}"
EndProject
Project("{FAE04EC0-301F-11D3-BF4B-00C04F79EFBC}") = "EagleViewEnt.TaxStationPro.Customers.Merced.Data", "src\EagleViewEnt.TaxStationPro.Customers\Merced\Data\EagleViewEnt.TaxStationPro.Customers.Merced.Data.csproj", "{A20FB00B-1CA5-4515-8674-8C5BA17C2FBE}"
EndProject
Project("{2150E333-8FDC-42A3-9474-1A3956D46DE8}") = "Components", "Components", "{DB803E1B-0815-0180-8BE5-8DDA52B10A66}"
EndProject
Project("{FAE04EC0-301F-11D3-BF4B-00C04F79EFBC}") = "EagleViewEnt.TaxStationPro.Customers.Merced.Components", "src\EagleViewEnt.TaxStationPro.Customers\Merced\Components\EagleViewEnt.TaxStationPro.Customers.Merced.Components.csproj", "{8267F4BE-E502-42A9-AB33-EB21DD48BB14}"
EndProject
Project("{2150E333-8FDC-42A3-9474-1A3956D46DE8}") = "Resources", "Resources", "{313EA1BD-3387-F73D-958A-2DE873C9B9D1}"
EndProject
Project("{FAE04EC0-301F-11D3-BF4B-00C04F79EFBC}") = "EagleViewEnt.TaxStationPro.Customers.Merced.Resources", "src\EagleViewEnt.TaxStationPro.Customers\Merced\Resources\EagleViewEnt.TaxStationPro.Customers.Merced.Resources.csproj", "{51552150-BFE4-4299-9B0C-CF708170CE66}"
EndProject
Project("{2150E333-8FDC-42A3-9474-1A3956D46DE8}") = "Bootstrap", "Bootstrap", "{98B6E9CA-D746-D9FF-6E99-CE726468FD3B}"
EndProject
Project("{FAE04EC0-301F-11D3-BF4B-00C04F79EFBC}") = "EagleViewEnt.TaxStationPro.Customers.Merced.Bootstrap", "src\EagleViewEnt.TaxStationPro.Customers\Merced\Bootstrap\EagleViewEnt.TaxStationPro.Customers.Merced.Bootstrap.csproj", "{C5A09AF5-8113-498F-9708-698F469B17B3}"
EndProject
Project("{2150E333-8FDC-42A3-9474-1A3956D46DE8}") = "tests", "tests", "{0AB3BF05-4346-4AA6-1389-037BE0695223}"
EndProject
Project("{FAE04EC0-301F-11D3-BF4B-00C04F79EFBC}") = "EagleViewEnt.TaxStationPro.Customers.Merced.Data.Tests", "tests\EagleViewEnt.TaxStationPro.Customers.Merced.Data.Tests\EagleViewEnt.TaxStationPro.Customers.Merced.Data.Tests.csproj", "{EF7E9CBF-1DC4-407D-97C0-15E63F55539E}"
EndProject
Project("{FAE04EC0-301F-11D3-BF4B-00C04F79EFBC}") = "EagleViewEnt.TaxStationPro.Customers.Merced.Components.Tests", "tests\EagleViewEnt.TaxStationPro.Customers.Merced.Components.Tests\EagleViewEnt.TaxStationPro.Customers.Merced.Components.Tests.csproj", "{1E62B31A-0213-413C-8640-D773B8B45335}"
EndProject
Project("{FAE04EC0-301F-11D3-BF4B-00C04F79EFBC}") = "EagleViewEnt.TaxStationPro.Customers.Merced.Resources.Tests", "tests\EagleViewEnt.TaxStationPro.Customers.Merced.Resources.Tests\EagleViewEnt.TaxStationPro.Customers.Merced.Resources.Tests.csproj", "{ECCFBBDC-2086-46A3-8F3C-6104B488DEA8}"
EndProject
Project("{FAE04EC0-301F-11D3-BF4B-00C04F79EFBC}") = "EagleViewEnt.TaxStationPro.Customers.Merced.Bootstrap.Tests", "tests\EagleViewEnt.TaxStationPro.Customers.Merced.Bootstrap.Tests\EagleViewEnt.TaxStationPro.Customers.Merced.Bootstrap.Tests.csproj", "{39CFC352-6AA0-4E3F-992C-634B1C52955A}"
EndProject
Global
	GlobalSection(SolutionConfigurationPlatforms) = preSolution
		Debug|Any CPU = Debug|Any CPU
		Debug|x64 = Debug|x64
		Debug|x86 = Debug|x86
		Release|Any CPU = Release|Any CPU
		Release|x64 = Release|x64
		Release|x86 = Release|x86
	EndGlobalSection
	GlobalSection(ProjectConfigurationPlatforms) = postSolution
		{A20FB00B-1CA5-4515-8674-8C5BA17C2FBE}.Debug|Any CPU.ActiveCfg = Debug|Any CPU
		{A20FB00B-1CA5-4515-8674-8C5BA17C2FBE}.Debug|Any CPU.Build.0 = Debug|Any CPU
		{A20FB00B-1CA5-4515-8674-8C5BA17C2FBE}.Debug|x64.ActiveCfg = Debug|x64
		{A20FB00B-1CA5-4515-8674-8C5BA17C2FBE}.Debug|x64.Build.0 = Debug|x64
		{A20FB00B-1CA5-4515-8674-8C5BA17C2FBE}.Debug|x86.ActiveCfg = Debug|Any CPU
		{A20FB00B-1CA5-4515-8674-8C5BA17C2FBE}.Debug|x86.Build.0 = Debug|Any CPU
		{A20FB00B-1CA5-4515-8674-8C5BA17C2FBE}.Release|Any CPU.ActiveCfg = Release|Any CPU
		{A20FB00B-1CA5-4515-8674-8C5BA17C2FBE}.Release|Any CPU.Build.0 = Release|Any CPU
		{A20FB00B-1CA5-4515-8674-8C5BA17C2FBE}.Release|x64.ActiveCfg = Release|x64
		{A20FB00B-1CA5-4515-8674-8C5BA17C2FBE}.Release|x64.Build.0 = Release|x64
		{A20FB00B-1CA5-4515-8674-8C5BA17C2FBE}.Release|x86.ActiveCfg = Release|Any CPU
		{A20FB00B-1CA5-4515-8674-8C5BA17C2FBE}.Release|x86.Build.0 = Release|Any CPU
		{8267F4BE-E502-42A9-AB33-EB21DD48BB14}.Debug|Any CPU.ActiveCfg = Debug|Any CPU
		{8267F4BE-E502-42A9-AB33-EB21DD48BB14}.Debug|Any CPU.Build.0 = Debug|Any CPU
		{8267F4BE-E502-42A9-AB33-EB21DD48BB14}.Debug|x64.ActiveCfg = Debug|x64
		{8267F4BE-E502-42A9-AB33-EB21DD48BB14}.Debug|x64.Build.0 = Debug|x64
		{8267F4BE-E502-42A9-AB33-EB21DD48BB14}.Debug|x86.ActiveCfg = Debug|Any CPU
		{8267F4BE-E502-42A9-AB33-EB21DD48BB14}.Debug|x86.Build.0 = Debug|Any CPU
		{8267F4BE-E502-42A9-AB33-EB21DD48BB14}.Release|Any CPU.ActiveCfg = Release|Any CPU
		{8267F4BE-E502-42A9-AB33-EB21DD48BB14}.Release|Any CPU.Build.0 = Release|Any CPU
		{8267F4BE-E502-42A9-AB33-EB21DD48BB14}.Release|x64.ActiveCfg = Release|x64
		{8267F4BE-E502-42A9-AB33-EB21DD48BB14}.Release|x64.Build.0 = Release|x64
		{8267F4BE-E502-42A9-AB33-EB21DD48BB14}.Release|x86.ActiveCfg = Release|Any CPU
		{8267F4BE-E502-42A9-AB33-EB21DD48BB14}.Release|x86.Build.0 = Release|Any CPU
		{51552150-BFE4-4299-9B0C-CF708170CE66}.Debug|Any CPU.ActiveCfg = Debug|Any CPU
		{51552150-BFE4-4299-9B0C-CF708170CE66}.Debug|Any CPU.Build.0 = Debug|Any CPU
		{51552150-BFE4-4299-9B0C-CF708170CE66}.Debug|x64.ActiveCfg = Debug|x64
		{51552150-BFE4-4299-9B0C-CF708170CE66}.Debug|x64.Build.0 = Debug|x64
		{51552150-BFE4-4299-9B0C-CF708170CE66}.Debug|x86.ActiveCfg = Debug|Any CPU
		{51552150-BFE4-4299-9B0C-CF708170CE66}.Debug|x86.Build.0 = Debug|Any CPU
		{51552150-BFE4-4299-9B0C-CF708170CE66}.Release|Any CPU.ActiveCfg = Release|Any CPU
		{51552150-BFE4-4299-9B0C-CF708170CE66}.Release|Any CPU.Build.0 = Release|Any CPU
		{51552150-BFE4-4299-9B0C-CF708170CE66}.Release|x64.ActiveCfg = Release|x64
		{51552150-BFE4-4299-9B0C-CF708170CE66}.Release|x64.Build.0 = Release|x64
		{51552150-BFE4-4299-9B0C-CF708170CE66}.Release|x86.ActiveCfg = Release|Any CPU
		{51552150-BFE4-4299-9B0C-CF708170CE66}.Release|x86.Build.0 = Release|Any CPU
		{C5A09AF5-8113-498F-9708-698F469B17B3}.Debug|Any CPU.ActiveCfg = Debug|Any CPU
		{C5A09AF5-8113-498F-9708-698F469B17B3}.Debug|Any CPU.Build.0 = Debug|Any CPU
		{C5A09AF5-8113-498F-9708-698F469B17B3}.Debug|x64.ActiveCfg = Debug|x64
		{C5A09AF5-8113-498F-9708-698F469B17B3}.Debug|x64.Build.0 = Debug|x64
		{C5A09AF5-8113-498F-9708-698F469B17B3}.Debug|x86.ActiveCfg = Debug|Any CPU
		{C5A09AF5-8113-498F-9708-698F469B17B3}.Debug|x86.Build.0 = Debug|Any CPU
		{C5A09AF5-8113-498F-9708-698F469B17B3}.Release|Any CPU.ActiveCfg = Release|Any CPU
		{C5A09AF5-8113-498F-9708-698F469B17B3}.Release|Any CPU.Build.0 = Release|Any CPU
		{C5A09AF5-8113-498F-9708-698F469B17B3}.Release|x64.ActiveCfg = Release|x64
		{C5A09AF5-8113-498F-9708-698F469B17B3}.Release|x64.Build.0 = Release|x64
		{C5A09AF5-8113-498F-9708-698F469B17B3}.Release|x86.ActiveCfg = Release|Any CPU
		{C5A09AF5-8113-498F-9708-698F469B17B3}.Release|x86.Build.0 = Release|Any CPU
		{EF7E9CBF-1DC4-407D-97C0-15E63F55539E}.Debug|Any CPU.ActiveCfg = Debug|Any CPU
		{EF7E9CBF-1DC4-407D-97C0-15E63F55539E}.Debug|Any CPU.Build.0 = Debug|Any CPU
		{EF7E9CBF-1DC4-407D-97C0-15E63F55539E}.Debug|x64.ActiveCfg = Debug|x64
		{EF7E9CBF-1DC4-407D-97C0-15E63F55539E}.Debug|x64.Build.0 = Debug|x64
		{EF7E9CBF-1DC4-407D-97C0-15E63F55539E}.Debug|x86.ActiveCfg = Debug|Any CPU
		{EF7E9CBF-1DC4-407D-97C0-15E63F55539E}.Debug|x86.Build.0 = Debug|Any CPU
		{EF7E9CBF-1DC4-407D-97C0-15E63F55539E}.Release|Any CPU.ActiveCfg = Release|Any CPU
		{EF7E9CBF-1DC4-407D-97C0-15E63F55539E}.Release|Any CPU.Build.0 = Release|Any CPU
		{EF7E9CBF-1DC4-407D-97C0-15E63F55539E}.Release|x64.ActiveCfg = Release|x64
		{EF7E9CBF-1DC4-407D-97C0-15E63F55539E}.Release|x64.Build.0 = Release|x64
		{EF7E9CBF-1DC4-407D-97C0-15E63F55539E}.Release|x86.ActiveCfg = Release|Any CPU
		{EF7E9CBF-1DC4-407D-97C0-15E63F55539E}.Release|x86.Build.0 = Release|Any CPU
		{1E62B31A-0213-413C-8640-D773B8B45335}.Debug|Any CPU.ActiveCfg = Debug|Any CPU
		{1E62B31A-0213-413C-8640-D773B8B45335}.Debug|Any CPU.Build.0 = Debug|Any CPU
		{1E62B31A-0213-413C-8640-D773B8B45335}.Debug|x64.ActiveCfg = Debug|x64
		{1E62B31A-0213-413C-8640-D773B8B45335}.Debug|x64.Build.0 = Debug|x64
		{1E62B31A-0213-413C-8640-D773B8B45335}.Debug|x86.ActiveCfg = Debug|Any CPU
		{1E62B31A-0213-413C-8640-D773B8B45335}.Debug|x86.Build.0 = Debug|Any CPU
		{1E62B31A-0213-413C-8640-D773B8B45335}.Release|Any CPU.ActiveCfg = Release|Any CPU
		{1E62B31A-0213-413C-8640-D773B8B45335}.Release|Any CPU.Build.0 = Release|Any CPU
		{1E62B31A-0213-413C-8640-D773B8B45335}.Release|x64.ActiveCfg = Release|x64
		{1E62B31A-0213-413C-8640-D773B8B45335}.Release|x64.Build.0 = Release|x64
		{1E62B31A-0213-413C-8640-D773B8B45335}.Release|x86.ActiveCfg = Release|Any CPU
		{1E62B31A-0213-413C-8640-D773B8B45335}.Release|x86.Build.0 = Release|Any CPU
		{ECCFBBDC-2086-46A3-8F3C-6104B488DEA8}.Debug|Any CPU.ActiveCfg = Debug|Any CPU
		{ECCFBBDC-2086-46A3-8F3C-6104B488DEA8}.Debug|Any CPU.Build.0 = Debug|Any CPU
		{ECCFBBDC-2086-46A3-8F3C-6104B488DEA8}.Debug|x64.ActiveCfg = Debug|x64
		{ECCFBBDC-2086-46A3-8F3C-6104B488DEA8}.Debug|x64.Build.0 = Debug|x64
		{ECCFBBDC-2086-46A3-8F3C-6104B488DEA8}.Debug|x86.ActiveCfg = Debug|Any CPU
		{ECCFBBDC-2086-46A3-8F3C-6104B488DEA8}.Debug|x86.Build.0 = Debug|Any CPU
		{ECCFBBDC-2086-46A3-8F3C-6104B488DEA8}.Release|Any CPU.ActiveCfg = Release|Any CPU
		{ECCFBBDC-2086-46A3-8F3C-6104B488DEA8}.Release|Any CPU.Build.0 = Release|Any CPU
		{ECCFBBDC-2086-46A3-8F3C-6104B488DEA8}.Release|x64.ActiveCfg = Release|x64
		{ECCFBBDC-2086-46A3-8F3C-6104B488DEA8}.Release|x64.Build.0 = Release|x64
		{ECCFBBDC-2086-46A3-8F3C-6104B488DEA8}.Release|x86.ActiveCfg = Release|Any CPU
		{ECCFBBDC-2086-46A3-8F3C-6104B488DEA8}.Release|x86.Build.0 = Release|Any CPU
		{39CFC352-6AA0-4E3F-992C-634B1C52955A}.Debug|Any CPU.ActiveCfg = Debug|Any CPU
		{39CFC352-6AA0-4E3F-992C-634B1C52955A}.Debug|Any CPU.Build.0 = Debug|Any CPU
		{39CFC352-6AA0-4E3F-992C-634B1C52955A}.Debug|x64.ActiveCfg = Debug|x64
		{39CFC352-6AA0-4E3F-992C-634B1C52955A}.Debug|x64.Build.0 = Debug|x64
		{39CFC352-6AA0-4E3F-992C-634B1C52955A}.Debug|x86.ActiveCfg = Debug|Any CPU
		{39CFC352-6AA0-4E3F-992C-634B1C52955A}.Debug|x86.Build.0 = Debug|Any CPU
		{39CFC352-6AA0-4E3F-992C-634B1C52955A}.Release|Any CPU.ActiveCfg = Release|Any CPU
		{39CFC352-6AA0-4E3F-992C-634B1C52955A}.Release|Any CPU.Build.0 = Release|Any CPU
		{39CFC352-6AA0-4E3F-992C-634B1C52955A}.Release|x64.ActiveCfg = Release|x64
		{39CFC352-6AA0-4E3F-992C-634B1C52955A}.Release|x64.Build.0 = Release|x64
		{39CFC352-6AA0-4E3F-992C-634B1C52955A}.Release|x86.ActiveCfg = Release|Any CPU
		{39CFC352-6AA0-4E3F-992C-634B1C52955A}.Release|x86.Build.0 = Release|Any CPU
	EndGlobalSection
	GlobalSection(SolutionProperties) = preSolution
		HideSolutionNode = FALSE
	EndGlobalSection
	GlobalSection(NestedProjects) = preSolution
		{5AABB117-6E2E-C134-C8D8-17496D095AAD} = {827E0CD3-B72D-47B6-A68D-7590B98EB39B}
		{6991106A-B0C2-BC1D-A99F-C25DCCC82355} = {5AABB117-6E2E-C134-C8D8-17496D095AAD}
		{FAA69882-B7D9-FCEA-E886-83E0F488FF3F} = {6991106A-B0C2-BC1D-A99F-C25DCCC82355}
		{A20FB00B-1CA5-4515-8674-8C5BA17C2FBE} = {FAA69882-B7D9-FCEA-E886-83E0F488FF3F}
		{DB803E1B-0815-0180-8BE5-8DDA52B10A66} = {6991106A-B0C2-BC1D-A99F-C25DCCC82355}
		{8267F4BE-E502-42A9-AB33-EB21DD48BB14} = {DB803E1B-0815-0180-8BE5-8DDA52B10A66}
		{313EA1BD-3387-F73D-958A-2DE873C9B9D1} = {6991106A-B0C2-BC1D-A99F-C25DCCC82355}
		{51552150-BFE4-4299-9B0C-CF708170CE66} = {313EA1BD-3387-F73D-958A-2DE873C9B9D1}
		{98B6E9CA-D746-D9FF-6E99-CE726468FD3B} = {6991106A-B0C2-BC1D-A99F-C25DCCC82355}
		{C5A09AF5-8113-498F-9708-698F469B17B3} = {98B6E9CA-D746-D9FF-6E99-CE726468FD3B}
		{EF7E9CBF-1DC4-407D-97C0-15E63F55539E} = {0AB3BF05-4346-4AA6-1389-037BE0695223}
		{1E62B31A-0213-413C-8640-D773B8B45335} = {0AB3BF05-4346-4AA6-1389-037BE0695223}
		{ECCFBBDC-2086-46A3-8F3C-6104B488DEA8} = {0AB3BF05-4346-4AA6-1389-037BE0695223}
		{39CFC352-6AA0-4E3F-992C-634B1C52955A} = {0AB3BF05-4346-4AA6-1389-037BE0695223}
	EndGlobalSection
EndGlobal
